// !$*UTF8*$!
{
	archiveVersion = 1;
	classes = {
	};
	objectVersion = 77;
	objects = {

/* Begin PBXBuildFile section */
		720DEC6A2D24581D006EA342 /* CreditsView.swift in Sources */ = {isa = PBXBuildFile; fileRef = 720DEC692D24581D006EA342 /* CreditsView.swift */; };
		72537C252F04361900829F59 /* AppReview.swift in Sources */ = {isa = PBXBuildFile; fileRef = 72537C242F04361900829F59 /* AppReview.swift */; };
		72574CD12E49F33800BFF138 /* AppIntents.swift in Sources */ = {isa = PBXBuildFile; fileRef = 72574CD02E49F33800BFF138 /* AppIntents.swift */; };
		72574CD22E49F33800BFF138 /* AppIntents.swift in Sources */ = {isa = PBXBuildFile; fileRef = 72574CD02E49F33800BFF138 /* AppIntents.swift */; };
		725C5F4B30142D5000DFEC8B /* Uthmani.ttf in Resources */ = {isa = PBXBuildFile; fileRef = 725C5F4830142D5000DFEC8B /* Uthmani.ttf */; };
		725C5F4C30142D5000DFEC8B /* QuranCommon.ttf in Resources */ = {isa = PBXBuildFile; fileRef = 725C5F4A30142D5000DFEC8B /* QuranCommon.ttf */; };
		725C5F4D30142D5000DFEC8B /* Qiraat.ttf in Resources */ = {isa = PBXBuildFile; fileRef = 725C5F4730142D5000DFEC8B /* Qiraat.ttf */; };
		725C5F4E30142D5000DFEC8B /* Indopak.ttf in Resources */ = {isa = PBXBuildFile; fileRef = 725C5F4930142D5000DFEC8B /* Indopak.ttf */; };
		725C5F4F30142D5000DFEC8B /* Uthmani.ttf in Resources */ = {isa = PBXBuildFile; fileRef = 725C5F4830142D5000DFEC8B /* Uthmani.ttf */; };
		725C5F5030142D5000DFEC8B /* QuranCommon.ttf in Resources */ = {isa = PBXBuildFile; fileRef = 725C5F4A30142D5000DFEC8B /* QuranCommon.ttf */; };
		725C5F5130142D5000DFEC8B /* Qiraat.ttf in Resources */ = {isa = PBXBuildFile; fileRef = 725C5F4730142D5000DFEC8B /* Qiraat.ttf */; };
		725C5F5230142D5000DFEC8B /* Indopak.ttf in Resources */ = {isa = PBXBuildFile; fileRef = 725C5F4930142D5000DFEC8B /* Indopak.ttf */; };
		725C5F5E30142D6900DFEC8B /* Quran.json in Resources */ = {isa = PBXBuildFile; fileRef = 725C5F5530142D6900DFEC8B /* Quran.json */; };
		725C5F5F30142D6900DFEC8B /* QiraahBuzzi.json in Resources */ = {isa = PBXBuildFile; fileRef = 725C5F5730142D6900DFEC8B /* QiraahBuzzi.json */; };
		725C5F6030142D6900DFEC8B /* QiraahSusi.json in Resources */ = {isa = PBXBuildFile; fileRef = 725C5F5C30142D6900DFEC8B /* QiraahSusi.json */; };
		725C5F6130142D6900DFEC8B /* QiraahQaloon.json in Resources */ = {isa = PBXBuildFile; fileRef = 725C5F5A30142D6900DFEC8B /* QiraahQaloon.json */; };
		725C5F6230142D6900DFEC8B /* QiraahWarsh.json in Resources */ = {isa = PBXBuildFile; fileRef = 725C5F5930142D6900DFEC8B /* QiraahWarsh.json */; };
		725C5F6330142D6900DFEC8B /* NamesOfAllah.json in Resources */ = {isa = PBXBuildFile; fileRef = 725C5F5330142D6900DFEC8B /* NamesOfAllah.json */; };
		725C5F6430142D6900DFEC8B /* QiraahShubah.json in Resources */ = {isa = PBXBuildFile; fileRef = 725C5F5630142D6900DFEC8B /* QiraahShubah.json */; };
		725C5F6530142D6900DFEC8B /* QiraahDuri.json in Resources */ = {isa = PBXBuildFile; fileRef = 725C5F5B30142D6900DFEC8B /* QiraahDuri.json */; };
		725C5F6630142D6900DFEC8B /* QiraahQunbul.json in Resources */ = {isa = PBXBuildFile; fileRef = 725C5F5830142D6900DFEC8B /* QiraahQunbul.json */; };
		725C5F6730142D6900DFEC8B /* SurahInfos.json in Resources */ = {isa = PBXBuildFile; fileRef = 725C5F5430142D6900DFEC8B /* SurahInfos.json */; };
		725C5F6830142D6900DFEC8B /* Quran.json in Resources */ = {isa = PBXBuildFile; fileRef = 725C5F5530142D6900DFEC8B /* Quran.json */; };
		725C5F6930142D6900DFEC8B /* QiraahBuzzi.json in Resources */ = {isa = PBXBuildFile; fileRef = 725C5F5730142D6900DFEC8B /* QiraahBuzzi.json */; };
		725C5F6A30142D6900DFEC8B /* QiraahSusi.json in Resources */ = {isa = PBXBuildFile; fileRef = 725C5F5C30142D6900DFEC8B /* QiraahSusi.json */; };
		725C5F6B30142D6900DFEC8B /* QiraahQaloon.json in Resources */ = {isa = PBXBuildFile; fileRef = 725C5F5A30142D6900DFEC8B /* QiraahQaloon.json */; };
		725C5F6C30142D6900DFEC8B /* QiraahWarsh.json in Resources */ = {isa = PBXBuildFile; fileRef = 725C5F5930142D6900DFEC8B /* QiraahWarsh.json */; };
		725C5F6D30142D6900DFEC8B /* NamesOfAllah.json in Resources */ = {isa = PBXBuildFile; fileRef = 725C5F5330142D6900DFEC8B /* NamesOfAllah.json */; };
		725C5F6E30142D6900DFEC8B /* QiraahShubah.json in Resources */ = {isa = PBXBuildFile; fileRef = 725C5F5630142D6900DFEC8B /* QiraahShubah.json */; };
		725C5F6F30142D6900DFEC8B /* QiraahDuri.json in Resources */ = {isa = PBXBuildFile; fileRef = 725C5F5B30142D6900DFEC8B /* QiraahDuri.json */; };
		725C5F7030142D6900DFEC8B /* QiraahQunbul.json in Resources */ = {isa = PBXBuildFile; fileRef = 725C5F5830142D6900DFEC8B /* QiraahQunbul.json */; };
		725C5F7130142D6900DFEC8B /* SurahInfos.json in Resources */ = {isa = PBXBuildFile; fileRef = 725C5F5430142D6900DFEC8B /* SurahInfos.json */; };
		725C5F8C3014306900DFEC8B /* QuranData.swift in Sources */ = {isa = PBXBuildFile; fileRef = 725C5F733014306900DFEC8B /* QuranData.swift */; };
		725C5F8D3014306900DFEC8B /* TajweedRules.swift in Sources */ = {isa = PBXBuildFile; fileRef = 725C5F743014306900DFEC8B /* TajweedRules.swift */; };
		725C5F8E3014306900DFEC8B /* Muqattaat.swift in Sources */ = {isa = PBXBuildFile; fileRef = 725C5F753014306900DFEC8B /* Muqattaat.swift */; };
		725C5F8F3014306900DFEC8B /* MushafPageFitter.swift in Sources */ = {isa = PBXBuildFile; fileRef = 725C5F783014306900DFEC8B /* MushafPageFitter.swift */; };
		725C5F903014306900DFEC8B /* ShareAyah.swift in Sources */ = {isa = PBXBuildFile; fileRef = 725C5F853014306900DFEC8B /* ShareAyah.swift */; };
		725C5F913014306900DFEC8B /* QuranHistoryRows.swift in Sources */ = {isa = PBXBuildFile; fileRef = 725C5F7A3014306900DFEC8B /* QuranHistoryRows.swift */; };
		725C5F923014306900DFEC8B /* QuranStructs.swift in Sources */ = {isa = PBXBuildFile; fileRef = 725C5F723014306900DFEC8B /* QuranStructs.swift */; };
		725C5F933014306900DFEC8B /* SurahRows.swift in Sources */ = {isa = PBXBuildFile; fileRef = 725C5F793014306900DFEC8B /* SurahRows.swift */; };
		725C5F943014306900DFEC8B /* QuranView.swift in Sources */ = {isa = PBXBuildFile; fileRef = 725C5F763014306900DFEC8B /* QuranView.swift */; };
		725C5F953014306900DFEC8B /* TajweedLegendView.swift in Sources */ = {isa = PBXBuildFile; fileRef = 725C5F843014306900DFEC8B /* TajweedLegendView.swift */; };
		725C5F963014306900DFEC8B /* QuranGlyphFonts.swift in Sources */ = {isa = PBXBuildFile; fileRef = 725C5F7F3014306900DFEC8B /* QuranGlyphFonts.swift */; };
		725C5F973014306900DFEC8B /* QuranShortcuts.swift in Sources */ = {isa = PBXBuildFile; fileRef = 725C5F8A3014306900DFEC8B /* QuranShortcuts.swift */; };
		725C5F983014306900DFEC8B /* QuranPlayer.swift in Sources */ = {isa = PBXBuildFile; fileRef = 725C5F873014306900DFEC8B /* QuranPlayer.swift */; };
		725C5F993014306900DFEC8B /* CustomRangeSheet.swift in Sources */ = {isa = PBXBuildFile; fileRef = 725C5F863014306900DFEC8B /* CustomRangeSheet.swift */; };
		725C5F9A3014306900DFEC8B /* SurahHeaders.swift in Sources */ = {isa = PBXBuildFile; fileRef = 725C5F7E3014306900DFEC8B /* SurahHeaders.swift */; };
		725C5F9B3014306900DFEC8B /* ProfanityFilter.swift in Sources */ = {isa = PBXBuildFile; fileRef = 725C5F893014306900DFEC8B /* ProfanityFilter.swift */; };
		725C5F9C3014306900DFEC8B /* AyahSheets.swift in Sources */ = {isa = PBXBuildFile; fileRef = 725C5F813014306900DFEC8B /* AyahSheets.swift */; };
		725C5F9D3014306900DFEC8B /* NowPlayingView.swift in Sources */ = {isa = PBXBuildFile; fileRef = 725C5F883014306900DFEC8B /* NowPlayingView.swift */; };
		725C5F9E3014306900DFEC8B /* SurahView.swift in Sources */ = {isa = PBXBuildFile; fileRef = 725C5F803014306900DFEC8B /* SurahView.swift */; };
		725C5F9F3014306900DFEC8B /* ComparisonSheets.swift in Sources */ = {isa = PBXBuildFile; fileRef = 725C5F7C3014306900DFEC8B /* ComparisonSheets.swift */; };
		725C5FA03014306900DFEC8B /* QuranPlannerView.swift in Sources */ = {isa = PBXBuildFile; fileRef = 725C5F773014306900DFEC8B /* QuranPlannerView.swift */; };
		725C5FA13014306900DFEC8B /* MushafReader.swift in Sources */ = {isa = PBXBuildFile; fileRef = 725C5F823014306900DFEC8B /* MushafReader.swift */; };
		725C5FA23014306900DFEC8B /* ContextMenu.swift in Sources */ = {isa = PBXBuildFile; fileRef = 725C5F7B3014306900DFEC8B /* ContextMenu.swift */; };
		725C5FA33014306900DFEC8B /* AyahRow.swift in Sources */ = {isa = PBXBuildFile; fileRef = 725C5F833014306900DFEC8B /* AyahRow.swift */; };
		725C5FA43014306900DFEC8B /* TafsirSheets.swift in Sources */ = {isa = PBXBuildFile; fileRef = 725C5F7D3014306900DFEC8B /* TafsirSheets.swift */; };
		725C5FA53014306900DFEC8B /* QuranData.swift in Sources */ = {isa = PBXBuildFile; fileRef = 725C5F733014306900DFEC8B /* QuranData.swift */; };
		725C5FA63014306900DFEC8B /* TajweedRules.swift in Sources */ = {isa = PBXBuildFile; fileRef = 725C5F743014306900DFEC8B /* TajweedRules.swift */; };
		725C5FA73014306900DFEC8B /* Muqattaat.swift in Sources */ = {isa = PBXBuildFile; fileRef = 725C5F753014306900DFEC8B /* Muqattaat.swift */; };
		725C5FA83014306900DFEC8B /* MushafPageFitter.swift in Sources */ = {isa = PBXBuildFile; fileRef = 725C5F783014306900DFEC8B /* MushafPageFitter.swift */; };
		725C5FA93014306900DFEC8B /* ShareAyah.swift in Sources */ = {isa = PBXBuildFile; fileRef = 725C5F853014306900DFEC8B /* ShareAyah.swift */; };
		725C5FAA3014306900DFEC8B /* QuranHistoryRows.swift in Sources */ = {isa = PBXBuildFile; fileRef = 725C5F7A3014306900DFEC8B /* QuranHistoryRows.swift */; };
		725C5FAB3014306900DFEC8B /* QuranStructs.swift in Sources */ = {isa = PBXBuildFile; fileRef = 725C5F723014306900DFEC8B /* QuranStructs.swift */; };
		725C5FAC3014306900DFEC8B /* SurahRows.swift in Sources */ = {isa = PBXBuildFile; fileRef = 725C5F793014306900DFEC8B /* SurahRows.swift */; };
		725C5FAD3014306900DFEC8B /* QuranView.swift in Sources */ = {isa = PBXBuildFile; fileRef = 725C5F763014306900DFEC8B /* QuranView.swift */; };
		725C5FAE3014306900DFEC8B /* TajweedLegendView.swift in Sources */ = {isa = PBXBuildFile; fileRef = 725C5F843014306900DFEC8B /* TajweedLegendView.swift */; };
		725C5FAF3014306900DFEC8B /* QuranGlyphFonts.swift in Sources */ = {isa = PBXBuildFile; fileRef = 725C5F7F3014306900DFEC8B /* QuranGlyphFonts.swift */; };
		725C5FB03014306900DFEC8B /* QuranShortcuts.swift in Sources */ = {isa = PBXBuildFile; fileRef = 725C5F8A3014306900DFEC8B /* QuranShortcuts.swift */; };
		725C5FB13014306900DFEC8B /* QuranPlayer.swift in Sources */ = {isa = PBXBuildFile; fileRef = 725C5F873014306900DFEC8B /* QuranPlayer.swift */; };
		725C5FB23014306900DFEC8B /* CustomRangeSheet.swift in Sources */ = {isa = PBXBuildFile; fileRef = 725C5F863014306900DFEC8B /* CustomRangeSheet.swift */; };
		725C5FB33014306900DFEC8B /* SurahHeaders.swift in Sources */ = {isa = PBXBuildFile; fileRef = 725C5F7E3014306900DFEC8B /* SurahHeaders.swift */; };
		725C5FB43014306900DFEC8B /* ProfanityFilter.swift in Sources */ = {isa = PBXBuildFile; fileRef = 725C5F893014306900DFEC8B /* ProfanityFilter.swift */; };
		725C5FB53014306900DFEC8B /* AyahSheets.swift in Sources */ = {isa = PBXBuildFile; fileRef = 725C5F813014306900DFEC8B /* AyahSheets.swift */; };
		725C5FB63014306900DFEC8B /* NowPlayingView.swift in Sources */ = {isa = PBXBuildFile; fileRef = 725C5F883014306900DFEC8B /* NowPlayingView.swift */; };
		725C5FB73014306900DFEC8B /* SurahView.swift in Sources */ = {isa = PBXBuildFile; fileRef = 725C5F803014306900DFEC8B /* SurahView.swift */; };
		725C5FB83014306900DFEC8B /* ComparisonSheets.swift in Sources */ = {isa = PBXBuildFile; fileRef = 725C5F7C3014306900DFEC8B /* ComparisonSheets.swift */; };
		725C5FB93014306900DFEC8B /* QuranPlannerView.swift in Sources */ = {isa = PBXBuildFile; fileRef = 725C5F773014306900DFEC8B /* QuranPlannerView.swift */; };
		725C5FBA3014306900DFEC8B /* MushafReader.swift in Sources */ = {isa = PBXBuildFile; fileRef = 725C5F823014306900DFEC8B /* MushafReader.swift */; };
		725C5FBB3014306900DFEC8B /* ContextMenu.swift in Sources */ = {isa = PBXBuildFile; fileRef = 725C5F7B3014306900DFEC8B /* ContextMenu.swift */; };
		725C5FBC3014306900DFEC8B /* AyahRow.swift in Sources */ = {isa = PBXBuildFile; fileRef = 725C5F833014306900DFEC8B /* AyahRow.swift */; };
		725C5FBD3014306900DFEC8B /* TafsirSheets.swift in Sources */ = {isa = PBXBuildFile; fileRef = 725C5F7D3014306900DFEC8B /* TafsirSheets.swift */; };
		725C5FBE3014307A00DFEC8B /* QuranData.swift in Sources */ = {isa = PBXBuildFile; fileRef = 725C5F733014306900DFEC8B /* QuranData.swift */; };
		725C5FBF3014307A00DFEC8B /* QuranStructs.swift in Sources */ = {isa = PBXBuildFile; fileRef = 725C5F723014306900DFEC8B /* QuranStructs.swift */; };
		725C5FC03014307A00DFEC8B /* Muqattaat.swift in Sources */ = {isa = PBXBuildFile; fileRef = 725C5F753014306900DFEC8B /* Muqattaat.swift */; };
		725C5FC13014307A00DFEC8B /* TajweedRules.swift in Sources */ = {isa = PBXBuildFile; fileRef = 725C5F743014306900DFEC8B /* TajweedRules.swift */; };
		725C5FD5301430A300DFEC8B /* WallpaperView.swift in Sources */ = {isa = PBXBuildFile; fileRef = 725C5FCF301430A300DFEC8B /* WallpaperView.swift */; };
		725C5FD6301430A300DFEC8B /* TajweedTopics.swift in Sources */ = {isa = PBXBuildFile; fileRef = 725C5FC8301430A300DFEC8B /* TajweedTopics.swift */; };
		725C5FD7301430A300DFEC8B /* ArabicLetterViews.swift in Sources */ = {isa = PBXBuildFile; fileRef = 725C5FC6301430A300DFEC8B /* ArabicLetterViews.swift */; };
		725C5FD8301430A300DFEC8B /* BeliefsViews.swift in Sources */ = {isa = PBXBuildFile; fileRef = 725C5FD1301430A300DFEC8B /* BeliefsViews.swift */; };
		725C5FD9301430A300DFEC8B /* DateView.swift in Sources */ = {isa = PBXBuildFile; fileRef = 725C5FCD301430A300DFEC8B /* DateView.swift */; };
		725C5FDA301430A300DFEC8B /* NamesView.swift in Sources */ = {isa = PBXBuildFile; fileRef = 725C5FCC301430A300DFEC8B /* NamesView.swift */; };
		725C5FDB301430A300DFEC8B /* TajweedView.swift in Sources */ = {isa = PBXBuildFile; fileRef = 725C5FC7301430A300DFEC8B /* TajweedView.swift */; };
		725C5FDC301430A300DFEC8B /* HowToGuides.swift in Sources */ = {isa = PBXBuildFile; fileRef = 725C5FD3301430A300DFEC8B /* HowToGuides.swift */; };
		725C5FDD301430A300DFEC8B /* ArabicView.swift in Sources */ = {isa = PBXBuildFile; fileRef = 725C5FC5301430A300DFEC8B /* ArabicView.swift */; };
		725C5FDF301430A300DFEC8B /* PillarViews.swift in Sources */ = {isa = PBXBuildFile; fileRef = 725C5FD2301430A300DFEC8B /* PillarViews.swift */; };
		725C5FE0301430A300DFEC8B /* AdhkarView.swift in Sources */ = {isa = PBXBuildFile; fileRef = 725C5FC9301430A300DFEC8B /* AdhkarView.swift */; };
		725C5FE1301430A300DFEC8B /* IslamView.swift in Sources */ = {isa = PBXBuildFile; fileRef = 725C5FC4301430A300DFEC8B /* IslamView.swift */; };
		725C5FE2301430A300DFEC8B /* TasbihView.swift in Sources */ = {isa = PBXBuildFile; fileRef = 725C5FCB301430A300DFEC8B /* TasbihView.swift */; };
		725C5FE3301430A300DFEC8B /* PillarsView.swift in Sources */ = {isa = PBXBuildFile; fileRef = 725C5FD0301430A300DFEC8B /* PillarsView.swift */; };
		725C5FE4301430A300DFEC8B /* DuaView.swift in Sources */ = {isa = PBXBuildFile; fileRef = 725C5FCA301430A300DFEC8B /* DuaView.swift */; };
		725C5FE5301430A300DFEC8B /* WallpaperView.swift in Sources */ = {isa = PBXBuildFile; fileRef = 725C5FCF301430A300DFEC8B /* WallpaperView.swift */; };
		725C5FE6301430A300DFEC8B /* TajweedTopics.swift in Sources */ = {isa = PBXBuildFile; fileRef = 725C5FC8301430A300DFEC8B /* TajweedTopics.swift */; };
		725C5FE7301430A300DFEC8B /* ArabicLetterViews.swift in Sources */ = {isa = PBXBuildFile; fileRef = 725C5FC6301430A300DFEC8B /* ArabicLetterViews.swift */; };
		725C5FE8301430A300DFEC8B /* BeliefsViews.swift in Sources */ = {isa = PBXBuildFile; fileRef = 725C5FD1301430A300DFEC8B /* BeliefsViews.swift */; };
		725C5FE9301430A300DFEC8B /* DateView.swift in Sources */ = {isa = PBXBuildFile; fileRef = 725C5FCD301430A300DFEC8B /* DateView.swift */; };
		725C5FEA301430A300DFEC8B /* NamesView.swift in Sources */ = {isa = PBXBuildFile; fileRef = 725C5FCC301430A300DFEC8B /* NamesView.swift */; };
		725C5FEB301430A300DFEC8B /* TajweedView.swift in Sources */ = {isa = PBXBuildFile; fileRef = 725C5FC7301430A300DFEC8B /* TajweedView.swift */; };
		725C5FEC301430A300DFEC8B /* HowToGuides.swift in Sources */ = {isa = PBXBuildFile; fileRef = 725C5FD3301430A300DFEC8B /* HowToGuides.swift */; };
		725C5FED301430A300DFEC8B /* ArabicView.swift in Sources */ = {isa = PBXBuildFile; fileRef = 725C5FC5301430A300DFEC8B /* ArabicView.swift */; };
		725C5FEF301430A300DFEC8B /* PillarViews.swift in Sources */ = {isa = PBXBuildFile; fileRef = 725C5FD2301430A300DFEC8B /* PillarViews.swift */; };
		725C5FF0301430A300DFEC8B /* AdhkarView.swift in Sources */ = {isa = PBXBuildFile; fileRef = 725C5FC9301430A300DFEC8B /* AdhkarView.swift */; };
		725C5FF1301430A300DFEC8B /* IslamView.swift in Sources */ = {isa = PBXBuildFile; fileRef = 725C5FC4301430A300DFEC8B /* IslamView.swift */; };
		725C5FF2301430A300DFEC8B /* TasbihView.swift in Sources */ = {isa = PBXBuildFile; fileRef = 725C5FCB301430A300DFEC8B /* TasbihView.swift */; };
		725C5FF3301430A300DFEC8B /* PillarsView.swift in Sources */ = {isa = PBXBuildFile; fileRef = 725C5FD0301430A300DFEC8B /* PillarsView.swift */; };
		725C5FF4301430A300DFEC8B /* DuaView.swift in Sources */ = {isa = PBXBuildFile; fileRef = 725C5FCA301430A300DFEC8B /* DuaView.swift */; };
		725C5FFE3014310400DFEC8B /* Highlighted.swift in Sources */ = {isa = PBXBuildFile; fileRef = 725C5FFC3014310400DFEC8B /* Highlighted.swift */; };
		725C5FFF3014310400DFEC8B /* SearchBar.swift in Sources */ = {isa = PBXBuildFile; fileRef = 725C5FF63014310400DFEC8B /* SearchBar.swift */; };
		725C60003014310400DFEC8B /* SemanticSearch.swift in Sources */ = {isa = PBXBuildFile; fileRef = 725C5FF73014310400DFEC8B /* SemanticSearch.swift */; };
		725C60013014310400DFEC8B /* GlassEffect.swift in Sources */ = {isa = PBXBuildFile; fileRef = 725C5FF93014310400DFEC8B /* GlassEffect.swift */; };
		725C60023014310400DFEC8B /* OnDeviceAsk.swift in Sources */ = {isa = PBXBuildFile; fileRef = 725C5FF83014310400DFEC8B /* OnDeviceAsk.swift */; };
		725C60033014310400DFEC8B /* ArabicSpeech.swift in Sources */ = {isa = PBXBuildFile; fileRef = 725C5FFB3014310400DFEC8B /* ArabicSpeech.swift */; };
		725C60043014310400DFEC8B /* ViewExtensions.swift in Sources */ = {isa = PBXBuildFile; fileRef = 725C5FF53014310400DFEC8B /* ViewExtensions.swift */; };
		725C60053014310400DFEC8B /* FocusOverlay.swift in Sources */ = {isa = PBXBuildFile; fileRef = 725C5FFA3014310400DFEC8B /* FocusOverlay.swift */; };
		725C60063014310400DFEC8B /* Highlighted.swift in Sources */ = {isa = PBXBuildFile; fileRef = 725C5FFC3014310400DFEC8B /* Highlighted.swift */; };
		725C60073014310400DFEC8B /* SearchBar.swift in Sources */ = {isa = PBXBuildFile; fileRef = 725C5FF63014310400DFEC8B /* SearchBar.swift */; };
		725C60083014310400DFEC8B /* SemanticSearch.swift in Sources */ = {isa = PBXBuildFile; fileRef = 725C5FF73014310400DFEC8B /* SemanticSearch.swift */; };
		725C60093014310400DFEC8B /* GlassEffect.swift in Sources */ = {isa = PBXBuildFile; fileRef = 725C5FF93014310400DFEC8B /* GlassEffect.swift */; };
		725C600A3014310400DFEC8B /* OnDeviceAsk.swift in Sources */ = {isa = PBXBuildFile; fileRef = 725C5FF83014310400DFEC8B /* OnDeviceAsk.swift */; };
		725C600B3014310400DFEC8B /* ArabicSpeech.swift in Sources */ = {isa = PBXBuildFile; fileRef = 725C5FFB3014310400DFEC8B /* ArabicSpeech.swift */; };
		725C600C3014310400DFEC8B /* ViewExtensions.swift in Sources */ = {isa = PBXBuildFile; fileRef = 725C5FF53014310400DFEC8B /* ViewExtensions.swift */; };
		725C600D3014310400DFEC8B /* FocusOverlay.swift in Sources */ = {isa = PBXBuildFile; fileRef = 725C5FFA3014310400DFEC8B /* FocusOverlay.swift */; };
		725C600E3014311800DFEC8B /* Highlighted.swift in Sources */ = {isa = PBXBuildFile; fileRef = 725C5FFC3014310400DFEC8B /* Highlighted.swift */; };
		72827EB72E3D71BB00EBA534 /* SettingsQuranView.swift in Sources */ = {isa = PBXBuildFile; fileRef = 72827EB62E3D71BB00EBA534 /* SettingsQuranView.swift */; };
		72827EB82E3D71BB00EBA534 /* SettingsQuranView.swift in Sources */ = {isa = PBXBuildFile; fileRef = 72827EB62E3D71BB00EBA534 /* SettingsQuranView.swift */; };
		728D75A92F79C53600502B8A /* ArabicLetters.swift in Sources */ = {isa = PBXBuildFile; fileRef = 728D75A82F79C53600502B8A /* ArabicLetters.swift */; };
		728D75AA2F79C53600502B8A /* ArabicLetters.swift in Sources */ = {isa = PBXBuildFile; fileRef = 728D75A82F79C53600502B8A /* ArabicLetters.swift */; };
		728D75BD2F79CF1B00502B8A /* AppReview.swift in Sources */ = {isa = PBXBuildFile; fileRef = 72537C242F04361900829F59 /* AppReview.swift */; };
		728D75BF2F79CF5100502B8A /* CreditsView.swift in Sources */ = {isa = PBXBuildFile; fileRef = 720DEC692D24581D006EA342 /* CreditsView.swift */; };
		728D75E72F79D2FA00502B8A /* SplashScreen.swift in Sources */ = {isa = PBXBuildFile; fileRef = 72F47A1A2B36BF0300FCF22C /* SplashScreen.swift */; };
		728D764F2F79E9D700502B8A /* AppDelegate.swift in Sources */ = {isa = PBXBuildFile; fileRef = 728D764E2F79E9D700502B8A /* AppDelegate.swift */; };
		728D76502F79E9D700502B8A /* AppDelegate.swift in Sources */ = {isa = PBXBuildFile; fileRef = 728D764E2F79E9D700502B8A /* AppDelegate.swift */; };
		728E2EF02E6E062500F2C24C /* SettingsQuran.swift in Sources */ = {isa = PBXBuildFile; fileRef = 728E2EEF2E6E062500F2C24C /* SettingsQuran.swift */; };
		728E2EF12E6E062500F2C24C /* SettingsQuran.swift in Sources */ = {isa = PBXBuildFile; fileRef = 728E2EEF2E6E062500F2C24C /* SettingsQuran.swift */; };
		729764E32FE8E59B00691EF5 /* PreviewSupport.swift in Sources */ = {isa = PBXBuildFile; fileRef = 729764DB2FE8E59B00691EF5 /* PreviewSupport.swift */; };
		729764E82FE8E59B00691EF5 /* PreviewSupport.swift in Sources */ = {isa = PBXBuildFile; fileRef = 729764DB2FE8E59B00691EF5 /* PreviewSupport.swift */; };
		729765422FE8E67400691EF5 /* WatchConnectivity.swift in Sources */ = {isa = PBXBuildFile; fileRef = 729765412FE8E67300691EF5 /* WatchConnectivity.swift */; };
		729765432FE8E67400691EF5 /* WatchConnectivity.swift in Sources */ = {isa = PBXBuildFile; fileRef = 729765412FE8E67300691EF5 /* WatchConnectivity.swift */; };
		7297655E2FE8E79600691EF5 /* Widget.appex in Embed Foundation Extensions */ = {isa = PBXBuildFile; fileRef = 729765482FE8E79500691EF5 /* Widget.appex */; settings = {ATTRIBUTES = (RemoveHeadersOnCopy, ); }; };
		7297656C2FE8E7A800691EF5 /* Widgets.swift in Sources */ = {isa = PBXBuildFile; fileRef = 729765662FE8E7A800691EF5 /* Widgets.swift */; };
		729765802FE8E7FD00691EF5 /* LastListenedSurahWidget.swift in Sources */ = {isa = PBXBuildFile; fileRef = 7297657C2FE8E7FD00691EF5 /* LastListenedSurahWidget.swift */; };
		729765812FE8E7FD00691EF5 /* RandomAyahWidget.swift in Sources */ = {isa = PBXBuildFile; fileRef = 7297657D2FE8E7FD00691EF5 /* RandomAyahWidget.swift */; };
		729765822FE8E7FD00691EF5 /* LastReadAyahWidget.swift in Sources */ = {isa = PBXBuildFile; fileRef = 7297657B2FE8E7FD00691EF5 /* LastReadAyahWidget.swift */; };
		729765832FE8E7FD00691EF5 /* QuranProvider.swift in Sources */ = {isa = PBXBuildFile; fileRef = 729765792FE8E7FD00691EF5 /* QuranProvider.swift */; };
		729765842FE8E7FD00691EF5 /* QuranWidgetSnapshot.swift in Sources */ = {isa = PBXBuildFile; fileRef = 7297657A2FE8E7FD00691EF5 /* QuranWidgetSnapshot.swift */; };
		729765852FE8E7FD00691EF5 /* LastListenedAyahWidget.swift in Sources */ = {isa = PBXBuildFile; fileRef = 7297657E2FE8E7FD00691EF5 /* LastListenedAyahWidget.swift */; };
		729765882FE8E80A00691EF5 /* QuranWidgetSnapshot.swift in Sources */ = {isa = PBXBuildFile; fileRef = 7297657A2FE8E7FD00691EF5 /* QuranWidgetSnapshot.swift */; };
		729765892FE8E80A00691EF5 /* QuranWidgetSnapshot.swift in Sources */ = {isa = PBXBuildFile; fileRef = 7297657A2FE8E7FD00691EF5 /* QuranWidgetSnapshot.swift */; };
		7297658A2FE8E81200691EF5 /* Assets.xcassets in Resources */ = {isa = PBXBuildFile; fileRef = 729E23802B367CA800E1E0DA /* Assets.xcassets */; };
		7297658C2FE8E89900691EF5 /* Settings.swift in Sources */ = {isa = PBXBuildFile; fileRef = 72F479B52B367DE200FCF22C /* Settings.swift */; };
		729765912FE8E8C200691EF5 /* Globals.swift in Sources */ = {isa = PBXBuildFile; fileRef = 72BC6B332E3190B800ACD832 /* Globals.swift */; };
		729765922FE8E8DA00691EF5 /* SettingsQuran.swift in Sources */ = {isa = PBXBuildFile; fileRef = 728E2EEF2E6E062500F2C24C /* SettingsQuran.swift */; };
		729765932FE8E95E00691EF5 /* ArabicLetters.swift in Sources */ = {isa = PBXBuildFile; fileRef = 728D75A82F79C53600502B8A /* ArabicLetters.swift */; };
		729E237D2B367CA700E1E0DA /* Al-QuranApp.swift in Sources */ = {isa = PBXBuildFile; fileRef = 729E237C2B367CA700E1E0DA /* Al-QuranApp.swift */; };
		729E23812B367CA800E1E0DA /* Assets.xcassets in Resources */ = {isa = PBXBuildFile; fileRef = 729E23802B367CA800E1E0DA /* Assets.xcassets */; };
		72BC6B342E3190B800ACD832 /* Globals.swift in Sources */ = {isa = PBXBuildFile; fileRef = 72BC6B332E3190B800ACD832 /* Globals.swift */; };
		72BC6B352E3190B800ACD832 /* Globals.swift in Sources */ = {isa = PBXBuildFile; fileRef = 72BC6B332E3190B800ACD832 /* Globals.swift */; };
		72F479B92B367DE200FCF22C /* LaunchScreen.swift in Sources */ = {isa = PBXBuildFile; fileRef = 72F479A82B367DE200FCF22C /* LaunchScreen.swift */; };
		72F479C12B367DE200FCF22C /* SettingsView.swift in Sources */ = {isa = PBXBuildFile; fileRef = 72F479B42B367DE200FCF22C /* SettingsView.swift */; };
		72F479C22B367DE200FCF22C /* Settings.swift in Sources */ = {isa = PBXBuildFile; fileRef = 72F479B52B367DE200FCF22C /* Settings.swift */; };
		72F479FA2B36B95D00FCF22C /* Al-QuranApp.swift in Sources */ = {isa = PBXBuildFile; fileRef = 72F479F92B36B95D00FCF22C /* Al-QuranApp.swift */; };
		72F47A042B36B95E00FCF22C /* Beginner Quran.app in Embed Watch Content */ = {isa = PBXBuildFile; fileRef = 72F479F72B36B95D00FCF22C /* Beginner Quran.app */; settings = {ATTRIBUTES = (RemoveHeadersOnCopy, ); }; };
		72F47A082B36B99600FCF22C /* SettingsView.swift in Sources */ = {isa = PBXBuildFile; fileRef = 72F479B42B367DE200FCF22C /* SettingsView.swift */; };
		72F47A092B36B99600FCF22C /* Settings.swift in Sources */ = {isa = PBXBuildFile; fileRef = 72F479B52B367DE200FCF22C /* Settings.swift */; };
		72F47A182B36BA1800FCF22C /* LaunchScreen.swift in Sources */ = {isa = PBXBuildFile; fileRef = 72F479A82B367DE200FCF22C /* LaunchScreen.swift */; };
		72F47A1B2B36BF0300FCF22C /* SplashScreen.swift in Sources */ = {isa = PBXBuildFile; fileRef = 72F47A1A2B36BF0300FCF22C /* SplashScreen.swift */; };
		72F47A1C2B38E49100FCF22C /* Assets.xcassets in Resources */ = {isa = PBXBuildFile; fileRef = 729E23802B367CA800E1E0DA /* Assets.xcassets */; };
/* End PBXBuildFile section */

/* Begin PBXContainerItemProxy section */
		7297655C2FE8E79600691EF5 /* PBXContainerItemProxy */ = {
			isa = PBXContainerItemProxy;
			containerPortal = 729E23712B367CA700E1E0DA /* Project object */;
			proxyType = 1;
			remoteGlobalIDString = 729765472FE8E79500691EF5;
			remoteInfo = WidgetExtension;
		};
		72F47A022B36B95E00FCF22C /* PBXContainerItemProxy */ = {
			isa = PBXContainerItemProxy;
			containerPortal = 729E23712B367CA700E1E0DA /* Project object */;
			proxyType = 1;
			remoteGlobalIDString = 72F479F62B36B95D00FCF22C;
			remoteInfo = "Quran Watch App";
		};
/* End PBXContainerItemProxy section */

/* Begin PBXCopyFilesBuildPhase section */
		72574C6B2E49534800BFF138 /* Embed Foundation Extensions */ = {
			isa = PBXCopyFilesBuildPhase;
			buildActionMask = 2147483647;
			dstPath = "";
			dstSubfolderSpec = 13;
			files = (
				7297655E2FE8E79600691EF5 /* Widget.appex in Embed Foundation Extensions */,
			);
			name = "Embed Foundation Extensions";
			runOnlyForDeploymentPostprocessing = 0;
		};
		72574C852E49536100BFF138 /* Embed Foundation Extensions */ = {
			isa = PBXCopyFilesBuildPhase;
			buildActionMask = 2147483647;
			dstPath = "";
			dstSubfolderSpec = 13;
			files = (
			);
			name = "Embed Foundation Extensions";
			runOnlyForDeploymentPostprocessing = 0;
		};
		72F479E12B36B5D900FCF22C /* Embed Watch Content */ = {
			isa = PBXCopyFilesBuildPhase;
			buildActionMask = 12;
			dstPath = "$(CONTENTS_FOLDER_PATH)/Watch";
			dstSubfolderSpec = 16;
			files = (
				72F47A042B36B95E00FCF22C /* Beginner Quran.app in Embed Watch Content */,
			);
			name = "Embed Watch Content";
			runOnlyForDeploymentPostprocessing = 0;
		};
/* End PBXCopyFilesBuildPhase section */

/* Begin PBXFileReference section */
		720DEC692D24581D006EA342 /* CreditsView.swift */ = {isa = PBXFileReference; lastKnownFileType = sourcecode.swift; path = CreditsView.swift; sourceTree = "<group>"; };
		72537C242F04361900829F59 /* AppReview.swift */ = {isa = PBXFileReference; lastKnownFileType = sourcecode.swift; path = AppReview.swift; sourceTree = "<group>"; };
		72574CD02E49F33800BFF138 /* AppIntents.swift */ = {isa = PBXFileReference; lastKnownFileType = sourcecode.swift; path = AppIntents.swift; sourceTree = "<group>"; };
		725C5F4730142D5000DFEC8B /* Qiraat.ttf */ = {isa = PBXFileReference; lastKnownFileType = file; path = Qiraat.ttf; sourceTree = "<group>"; };
		725C5F4830142D5000DFEC8B /* Uthmani.ttf */ = {isa = PBXFileReference; lastKnownFileType = file; path = Uthmani.ttf; sourceTree = "<group>"; };
		725C5F4930142D5000DFEC8B /* Indopak.ttf */ = {isa = PBXFileReference; lastKnownFileType = file; path = Indopak.ttf; sourceTree = "<group>"; };
		725C5F4A30142D5000DFEC8B /* QuranCommon.ttf */ = {isa = PBXFileReference; lastKnownFileType = file; path = QuranCommon.ttf; sourceTree = "<group>"; };
		725C5F5330142D6900DFEC8B /* NamesOfAllah.json */ = {isa = PBXFileReference; lastKnownFileType = text.json; path = NamesOfAllah.json; sourceTree = "<group>"; };
		725C5F5430142D6900DFEC8B /* SurahInfos.json */ = {isa = PBXFileReference; lastKnownFileType = text.json; path = SurahInfos.json; sourceTree = "<group>"; };
		725C5F5530142D6900DFEC8B /* Quran.json */ = {isa = PBXFileReference; lastKnownFileType = text.json; path = Quran.json; sourceTree = "<group>"; };
		725C5F5630142D6900DFEC8B /* QiraahShubah.json */ = {isa = PBXFileReference; lastKnownFileType = text.json; path = QiraahShubah.json; sourceTree = "<group>"; };
		725C5F5730142D6900DFEC8B /* QiraahBuzzi.json */ = {isa = PBXFileReference; lastKnownFileType = text.json; path = QiraahBuzzi.json; sourceTree = "<group>"; };
		725C5F5830142D6900DFEC8B /* QiraahQunbul.json */ = {isa = PBXFileReference; lastKnownFileType = text.json; path = QiraahQunbul.json; sourceTree = "<group>"; };
		725C5F5930142D6900DFEC8B /* QiraahWarsh.json */ = {isa = PBXFileReference; lastKnownFileType = text.json; path = QiraahWarsh.json; sourceTree = "<group>"; };
		725C5F5A30142D6900DFEC8B /* QiraahQaloon.json */ = {isa = PBXFileReference; lastKnownFileType = text.json; path = QiraahQaloon.json; sourceTree = "<group>"; };
		725C5F5B30142D6900DFEC8B /* QiraahDuri.json */ = {isa = PBXFileReference; lastKnownFileType = text.json; path = QiraahDuri.json; sourceTree = "<group>"; };
		725C5F5C30142D6900DFEC8B /* QiraahSusi.json */ = {isa = PBXFileReference; lastKnownFileType = text.json; path = QiraahSusi.json; sourceTree = "<group>"; };
		725C5F723014306900DFEC8B /* QuranStructs.swift */ = {isa = PBXFileReference; lastKnownFileType = sourcecode.swift; path = QuranStructs.swift; sourceTree = "<group>"; };
		725C5F733014306900DFEC8B /* QuranData.swift */ = {isa = PBXFileReference; lastKnownFileType = sourcecode.swift; path = QuranData.swift; sourceTree = "<group>"; };
		725C5F743014306900DFEC8B /* TajweedRules.swift */ = {isa = PBXFileReference; lastKnownFileType = sourcecode.swift; path = TajweedRules.swift; sourceTree = "<group>"; };
		725C5F753014306900DFEC8B /* Muqattaat.swift */ = {isa = PBXFileReference; lastKnownFileType = sourcecode.swift; path = Muqattaat.swift; sourceTree = "<group>"; };
		725C5F763014306900DFEC8B /* QuranView.swift */ = {isa = PBXFileReference; lastKnownFileType = sourcecode.swift; path = QuranView.swift; sourceTree = "<group>"; };
		725C5F773014306900DFEC8B /* QuranPlannerView.swift */ = {isa = PBXFileReference; lastKnownFileType = sourcecode.swift; path = QuranPlannerView.swift; sourceTree = "<group>"; };
		725C5F783014306900DFEC8B /* MushafPageFitter.swift */ = {isa = PBXFileReference; lastKnownFileType = sourcecode.swift; path = MushafPageFitter.swift; sourceTree = "<group>"; };
		725C5F793014306900DFEC8B /* SurahRows.swift */ = {isa = PBXFileReference; lastKnownFileType = sourcecode.swift; path = SurahRows.swift; sourceTree = "<group>"; };
		725C5F7A3014306900DFEC8B /* QuranHistoryRows.swift */ = {isa = PBXFileReference; lastKnownFileType = sourcecode.swift; path = QuranHistoryRows.swift; sourceTree = "<group>"; };
		725C5F7B3014306900DFEC8B /* ContextMenu.swift */ = {isa = PBXFileReference; lastKnownFileType = sourcecode.swift; path = ContextMenu.swift; sourceTree = "<group>"; };
		725C5F7C3014306900DFEC8B /* ComparisonSheets.swift */ = {isa = PBXFileReference; lastKnownFileType = sourcecode.swift; path = ComparisonSheets.swift; sourceTree = "<group>"; };
		725C5F7D3014306900DFEC8B /* TafsirSheets.swift */ = {isa = PBXFileReference; lastKnownFileType = sourcecode.swift; path = TafsirSheets.swift; sourceTree = "<group>"; };
		725C5F7E3014306900DFEC8B /* SurahHeaders.swift */ = {isa = PBXFileReference; lastKnownFileType = sourcecode.swift; path = SurahHeaders.swift; sourceTree = "<group>"; };
		725C5F7F3014306900DFEC8B /* QuranGlyphFonts.swift */ = {isa = PBXFileReference; lastKnownFileType = sourcecode.swift; path = QuranGlyphFonts.swift; sourceTree = "<group>"; };
		725C5F803014306900DFEC8B /* SurahView.swift */ = {isa = PBXFileReference; lastKnownFileType = sourcecode.swift; path = SurahView.swift; sourceTree = "<group>"; };
		725C5F813014306900DFEC8B /* AyahSheets.swift */ = {isa = PBXFileReference; lastKnownFileType = sourcecode.swift; path = AyahSheets.swift; sourceTree = "<group>"; };
		725C5F823014306900DFEC8B /* MushafReader.swift */ = {isa = PBXFileReference; lastKnownFileType = sourcecode.swift; path = MushafReader.swift; sourceTree = "<group>"; };
		725C5F833014306900DFEC8B /* AyahRow.swift */ = {isa = PBXFileReference; lastKnownFileType = sourcecode.swift; path = AyahRow.swift; sourceTree = "<group>"; };
		725C5F843014306900DFEC8B /* TajweedLegendView.swift */ = {isa = PBXFileReference; lastKnownFileType = sourcecode.swift; path = TajweedLegendView.swift; sourceTree = "<group>"; };
		725C5F853014306900DFEC8B /* ShareAyah.swift */ = {isa = PBXFileReference; lastKnownFileType = sourcecode.swift; path = ShareAyah.swift; sourceTree = "<group>"; };
		725C5F863014306900DFEC8B /* CustomRangeSheet.swift */ = {isa = PBXFileReference; lastKnownFileType = sourcecode.swift; path = CustomRangeSheet.swift; sourceTree = "<group>"; };
		725C5F873014306900DFEC8B /* QuranPlayer.swift */ = {isa = PBXFileReference; lastKnownFileType = sourcecode.swift; path = QuranPlayer.swift; sourceTree = "<group>"; };
		725C5F883014306900DFEC8B /* NowPlayingView.swift */ = {isa = PBXFileReference; lastKnownFileType = sourcecode.swift; path = NowPlayingView.swift; sourceTree = "<group>"; };
		725C5F893014306900DFEC8B /* ProfanityFilter.swift */ = {isa = PBXFileReference; lastKnownFileType = sourcecode.swift; path = ProfanityFilter.swift; sourceTree = "<group>"; };
		725C5F8A3014306900DFEC8B /* QuranShortcuts.swift */ = {isa = PBXFileReference; lastKnownFileType = sourcecode.swift; path = QuranShortcuts.swift; sourceTree = "<group>"; };
		725C5FC4301430A300DFEC8B /* IslamView.swift */ = {isa = PBXFileReference; lastKnownFileType = sourcecode.swift; path = IslamView.swift; sourceTree = "<group>"; };
		725C5FC5301430A300DFEC8B /* ArabicView.swift */ = {isa = PBXFileReference; lastKnownFileType = sourcecode.swift; path = ArabicView.swift; sourceTree = "<group>"; };
		725C5FC6301430A300DFEC8B /* ArabicLetterViews.swift */ = {isa = PBXFileReference; lastKnownFileType = sourcecode.swift; path = ArabicLetterViews.swift; sourceTree = "<group>"; };
		725C5FC7301430A300DFEC8B /* TajweedView.swift */ = {isa = PBXFileReference; lastKnownFileType = sourcecode.swift; path = TajweedView.swift; sourceTree = "<group>"; };
		725C5FC8301430A300DFEC8B /* TajweedTopics.swift */ = {isa = PBXFileReference; lastKnownFileType = sourcecode.swift; path = TajweedTopics.swift; sourceTree = "<group>"; };
		725C5FC9301430A300DFEC8B /* AdhkarView.swift */ = {isa = PBXFileReference; lastKnownFileType = sourcecode.swift; path = AdhkarView.swift; sourceTree = "<group>"; };
		725C5FCA301430A300DFEC8B /* DuaView.swift */ = {isa = PBXFileReference; lastKnownFileType = sourcecode.swift; path = DuaView.swift; sourceTree = "<group>"; };
		725C5FCB301430A300DFEC8B /* TasbihView.swift */ = {isa = PBXFileReference; lastKnownFileType = sourcecode.swift; path = TasbihView.swift; sourceTree = "<group>"; };
		725C5FCC301430A300DFEC8B /* NamesView.swift */ = {isa = PBXFileReference; lastKnownFileType = sourcecode.swift; path = NamesView.swift; sourceTree = "<group>"; };
		725C5FCD301430A300DFEC8B /* DateView.swift */ = {isa = PBXFileReference; lastKnownFileType = sourcecode.swift; path = DateView.swift; sourceTree = "<group>"; };
		725C5FCF301430A300DFEC8B /* WallpaperView.swift */ = {isa = PBXFileReference; lastKnownFileType = sourcecode.swift; path = WallpaperView.swift; sourceTree = "<group>"; };
		725C5FD0301430A300DFEC8B /* PillarsView.swift */ = {isa = PBXFileReference; lastKnownFileType = sourcecode.swift; path = PillarsView.swift; sourceTree = "<group>"; };
		725C5FD1301430A300DFEC8B /* BeliefsViews.swift */ = {isa = PBXFileReference; lastKnownFileType = sourcecode.swift; path = BeliefsViews.swift; sourceTree = "<group>"; };
		725C5FD2301430A300DFEC8B /* PillarViews.swift */ = {isa = PBXFileReference; lastKnownFileType = sourcecode.swift; path = PillarViews.swift; sourceTree = "<group>"; };
		725C5FD3301430A300DFEC8B /* HowToGuides.swift */ = {isa = PBXFileReference; lastKnownFileType = sourcecode.swift; path = HowToGuides.swift; sourceTree = "<group>"; };
		725C5FF53014310400DFEC8B /* ViewExtensions.swift */ = {isa = PBXFileReference; lastKnownFileType = sourcecode.swift; path = ViewExtensions.swift; sourceTree = "<group>"; };
		725C5FF63014310400DFEC8B /* SearchBar.swift */ = {isa = PBXFileReference; lastKnownFileType = sourcecode.swift; path = SearchBar.swift; sourceTree = "<group>"; };
		725C5FF73014310400DFEC8B /* SemanticSearch.swift */ = {isa = PBXFileReference; lastKnownFileType = sourcecode.swift; path = SemanticSearch.swift; sourceTree = "<group>"; };
		725C5FF83014310400DFEC8B /* OnDeviceAsk.swift */ = {isa = PBXFileReference; lastKnownFileType = sourcecode.swift; path = OnDeviceAsk.swift; sourceTree = "<group>"; };
		725C5FF93014310400DFEC8B /* GlassEffect.swift */ = {isa = PBXFileReference; lastKnownFileType = sourcecode.swift; path = GlassEffect.swift; sourceTree = "<group>"; };
		725C5FFA3014310400DFEC8B /* FocusOverlay.swift */ = {isa = PBXFileReference; lastKnownFileType = sourcecode.swift; path = FocusOverlay.swift; sourceTree = "<group>"; };
		725C5FFB3014310400DFEC8B /* ArabicSpeech.swift */ = {isa = PBXFileReference; lastKnownFileType = sourcecode.swift; path = ArabicSpeech.swift; sourceTree = "<group>"; };
		725C5FFC3014310400DFEC8B /* Highlighted.swift */ = {isa = PBXFileReference; lastKnownFileType = sourcecode.swift; path = Highlighted.swift; sourceTree = "<group>"; };
		72827EB62E3D71BB00EBA534 /* SettingsQuranView.swift */ = {isa = PBXFileReference; lastKnownFileType = sourcecode.swift; path = SettingsQuranView.swift; sourceTree = "<group>"; };
		728D75A82F79C53600502B8A /* ArabicLetters.swift */ = {isa = PBXFileReference; lastKnownFileType = sourcecode.swift; path = ArabicLetters.swift; sourceTree = "<group>"; };
		728D764E2F79E9D700502B8A /* AppDelegate.swift */ = {isa = PBXFileReference; lastKnownFileType = sourcecode.swift; path = AppDelegate.swift; sourceTree = "<group>"; };
		728E2EEF2E6E062500F2C24C /* SettingsQuran.swift */ = {isa = PBXFileReference; lastKnownFileType = sourcecode.swift; path = SettingsQuran.swift; sourceTree = "<group>"; };
		729764DB2FE8E59B00691EF5 /* PreviewSupport.swift */ = {isa = PBXFileReference; lastKnownFileType = sourcecode.swift; path = PreviewSupport.swift; sourceTree = "<group>"; };
		729765412FE8E67300691EF5 /* WatchConnectivity.swift */ = {isa = PBXFileReference; lastKnownFileType = sourcecode.swift; path = WatchConnectivity.swift; sourceTree = "<group>"; };
		729765482FE8E79500691EF5 /* Widget.appex */ = {isa = PBXFileReference; explicitFileType = "wrapper.app-extension"; includeInIndex = 0; path = Widget.appex; sourceTree = BUILT_PRODUCTS_DIR; };
		729765662FE8E7A800691EF5 /* Widgets.swift */ = {isa = PBXFileReference; lastKnownFileType = sourcecode.swift; path = Widgets.swift; sourceTree = "<group>"; };
		729765792FE8E7FD00691EF5 /* QuranProvider.swift */ = {isa = PBXFileReference; lastKnownFileType = sourcecode.swift; path = QuranProvider.swift; sourceTree = "<group>"; };
		7297657A2FE8E7FD00691EF5 /* QuranWidgetSnapshot.swift */ = {isa = PBXFileReference; lastKnownFileType = sourcecode.swift; path = QuranWidgetSnapshot.swift; sourceTree = "<group>"; };
		7297657B2FE8E7FD00691EF5 /* LastReadAyahWidget.swift */ = {isa = PBXFileReference; lastKnownFileType = sourcecode.swift; path = LastReadAyahWidget.swift; sourceTree = "<group>"; };
		7297657C2FE8E7FD00691EF5 /* LastListenedSurahWidget.swift */ = {isa = PBXFileReference; lastKnownFileType = sourcecode.swift; path = LastListenedSurahWidget.swift; sourceTree = "<group>"; };
		7297657D2FE8E7FD00691EF5 /* RandomAyahWidget.swift */ = {isa = PBXFileReference; lastKnownFileType = sourcecode.swift; path = RandomAyahWidget.swift; sourceTree = "<group>"; };
		7297657E2FE8E7FD00691EF5 /* LastListenedAyahWidget.swift */ = {isa = PBXFileReference; lastKnownFileType = sourcecode.swift; path = LastListenedAyahWidget.swift; sourceTree = "<group>"; };
		7297658B2FE8E83700691EF5 /* Info-Widget.plist */ = {isa = PBXFileReference; lastKnownFileType = text.plist.xml; path = "Info-Widget.plist"; sourceTree = "<group>"; };
		729E23792B367CA700E1E0DA /* iPhone.app */ = {isa = PBXFileReference; explicitFileType = wrapper.application; includeInIndex = 0; path = iPhone.app; sourceTree = BUILT_PRODUCTS_DIR; };
		729E237C2B367CA700E1E0DA /* Al-QuranApp.swift */ = {isa = PBXFileReference; lastKnownFileType = sourcecode.swift; path = "Al-QuranApp.swift"; sourceTree = "<group>"; };
		729E23802B367CA800E1E0DA /* Assets.xcassets */ = {isa = PBXFileReference; lastKnownFileType = folder.assetcatalog; path = Assets.xcassets; sourceTree = "<group>"; };
		72BC6B332E3190B800ACD832 /* Globals.swift */ = {isa = PBXFileReference; lastKnownFileType = sourcecode.swift; path = Globals.swift; sourceTree = "<group>"; };
		72C882852FEF384A008FE6C8 /* CREDITS.md */ = {isa = PBXFileReference; lastKnownFileType = net.daringfireball.markdown; path = CREDITS.md; sourceTree = "<group>"; };
		72CCAE7A2D42D06600871A6A /* Info-Main.plist */ = {isa = PBXFileReference; lastKnownFileType = text.plist.xml; path = "Info-Main.plist"; sourceTree = "<group>"; };
		72D04E1C30117324000BB3F4 /* Logo.jpg */ = {isa = PBXFileReference; lastKnownFileType = image.jpeg; path = Logo.jpg; sourceTree = "<group>"; };
		72E4E58E2D41B26D00E7FADD /* README.md */ = {isa = PBXFileReference; lastKnownFileType = net.daringfireball.markdown; path = README.md; sourceTree = "<group>"; };
		72F479A82B367DE200FCF22C /* LaunchScreen.swift */ = {isa = PBXFileReference; fileEncoding = 4; lastKnownFileType = sourcecode.swift; path = LaunchScreen.swift; sourceTree = "<group>"; };
		72F479B42B367DE200FCF22C /* SettingsView.swift */ = {isa = PBXFileReference; fileEncoding = 4; lastKnownFileType = sourcecode.swift; path = SettingsView.swift; sourceTree = "<group>"; };
		72F479B52B367DE200FCF22C /* Settings.swift */ = {isa = PBXFileReference; fileEncoding = 4; lastKnownFileType = sourcecode.swift; path = Settings.swift; sourceTree = "<group>"; };
		72F479CA2B36ACAD00FCF22C /* Entitlements.entitlements */ = {isa = PBXFileReference; lastKnownFileType = text.plist.entitlements; path = Entitlements.entitlements; sourceTree = "<group>"; };
		72F479F72B36B95D00FCF22C /* Beginner Quran.app */ = {isa = PBXFileReference; explicitFileType = wrapper.application; includeInIndex = 0; path = "Beginner Quran.app"; sourceTree = BUILT_PRODUCTS_DIR; };
		72F479F92B36B95D00FCF22C /* Al-QuranApp.swift */ = {isa = PBXFileReference; lastKnownFileType = sourcecode.swift; path = "Al-QuranApp.swift"; sourceTree = "<group>"; };
		72F47A1A2B36BF0300FCF22C /* SplashScreen.swift */ = {isa = PBXFileReference; lastKnownFileType = sourcecode.swift; path = SplashScreen.swift; sourceTree = "<group>"; };
/* End PBXFileReference section */

/* Begin PBXFrameworksBuildPhase section */
		729765452FE8E79500691EF5 /* Frameworks */ = {
			isa = PBXFrameworksBuildPhase;
			buildActionMask = 2147483647;
			files = (
			);
			runOnlyForDeploymentPostprocessing = 0;
		};
		729E23762B367CA700E1E0DA /* Frameworks */ = {
			isa = PBXFrameworksBuildPhase;
			buildActionMask = 2147483647;
			files = (
			);
			runOnlyForDeploymentPostprocessing = 0;
		};
		72F479F42B36B95D00FCF22C /* Frameworks */ = {
			isa = PBXFrameworksBuildPhase;
			buildActionMask = 2147483647;
			files = (
			);
			runOnlyForDeploymentPostprocessing = 0;
		};
/* End PBXFrameworksBuildPhase section */

/* Begin PBXGroup section */
		723CE3522FAF113700E83F5A /* Fonts */ = {
			isa = PBXGroup;
			children = (
				725C5F4730142D5000DFEC8B /* Qiraat.ttf */,
				725C5F4830142D5000DFEC8B /* Uthmani.ttf */,
				725C5F4930142D5000DFEC8B /* Indopak.ttf */,
				725C5F4A30142D5000DFEC8B /* QuranCommon.ttf */,
			);
			path = Fonts;
			sourceTree = "<group>";
		};
		723CE35D2FAF113700E83F5A /* JSONs */ = {
			isa = PBXGroup;
			children = (
				725C5F5330142D6900DFEC8B /* NamesOfAllah.json */,
				725C5F5430142D6900DFEC8B /* SurahInfos.json */,
				725C5F5530142D6900DFEC8B /* Quran.json */,
				725C5F5D30142D6900DFEC8B /* Qiraat */,
			);
			path = JSONs;
			sourceTree = "<group>";
		};
		725C5F5D30142D6900DFEC8B /* Qiraat */ = {
			isa = PBXGroup;
			children = (
				725C5F5630142D6900DFEC8B /* QiraahShubah.json */,
				725C5F5730142D6900DFEC8B /* QiraahBuzzi.json */,
				725C5F5830142D6900DFEC8B /* QiraahQunbul.json */,
				725C5F5930142D6900DFEC8B /* QiraahWarsh.json */,
				725C5F5A30142D6900DFEC8B /* QiraahQaloon.json */,
				725C5F5B30142D6900DFEC8B /* QiraahDuri.json */,
				725C5F5C30142D6900DFEC8B /* QiraahSusi.json */,
			);
			path = Qiraat;
			sourceTree = "<group>";
		};
		725C5F8B3014306900DFEC8B /* Quran */ = {
			isa = PBXGroup;
			children = (
				725C5F723014306900DFEC8B /* QuranStructs.swift */,
				725C5F733014306900DFEC8B /* QuranData.swift */,
				725C5F743014306900DFEC8B /* TajweedRules.swift */,
				725C5F753014306900DFEC8B /* Muqattaat.swift */,
				725C5F763014306900DFEC8B /* QuranView.swift */,
				725C5F773014306900DFEC8B /* QuranPlannerView.swift */,
				725C5F783014306900DFEC8B /* MushafPageFitter.swift */,
				725C5F793014306900DFEC8B /* SurahRows.swift */,
				725C5F7A3014306900DFEC8B /* QuranHistoryRows.swift */,
				725C5F7B3014306900DFEC8B /* ContextMenu.swift */,
				725C5F7C3014306900DFEC8B /* ComparisonSheets.swift */,
				725C5F7D3014306900DFEC8B /* TafsirSheets.swift */,
				725C5F7E3014306900DFEC8B /* SurahHeaders.swift */,
				725C5F7F3014306900DFEC8B /* QuranGlyphFonts.swift */,
				725C5F803014306900DFEC8B /* SurahView.swift */,
				725C5F813014306900DFEC8B /* AyahSheets.swift */,
				725C5F823014306900DFEC8B /* MushafReader.swift */,
				725C5F833014306900DFEC8B /* AyahRow.swift */,
				725C5F843014306900DFEC8B /* TajweedLegendView.swift */,
				725C5F853014306900DFEC8B /* ShareAyah.swift */,
				725C5F863014306900DFEC8B /* CustomRangeSheet.swift */,
				725C5F873014306900DFEC8B /* QuranPlayer.swift */,
				725C5F883014306900DFEC8B /* NowPlayingView.swift */,
				725C5F893014306900DFEC8B /* ProfanityFilter.swift */,
				725C5F8A3014306900DFEC8B /* QuranShortcuts.swift */,
			);
			path = Quran;
			sourceTree = "<group>";
		};
		725C5FD4301430A300DFEC8B /* Islam */ = {
			isa = PBXGroup;
			children = (
				725C5FC4301430A300DFEC8B /* IslamView.swift */,
				725C5FC5301430A300DFEC8B /* ArabicView.swift */,
				725C5FC6301430A300DFEC8B /* ArabicLetterViews.swift */,
				725C5FC7301430A300DFEC8B /* TajweedView.swift */,
				725C5FC8301430A300DFEC8B /* TajweedTopics.swift */,
				725C5FC9301430A300DFEC8B /* AdhkarView.swift */,
				725C5FCA301430A300DFEC8B /* DuaView.swift */,
				725C5FCB301430A300DFEC8B /* TasbihView.swift */,
				725C5FCC301430A300DFEC8B /* NamesView.swift */,
				725C5FCD301430A300DFEC8B /* DateView.swift */,
				725C5FCF301430A300DFEC8B /* WallpaperView.swift */,
				725C5FD0301430A300DFEC8B /* PillarsView.swift */,
				725C5FD1301430A300DFEC8B /* BeliefsViews.swift */,
				725C5FD2301430A300DFEC8B /* PillarViews.swift */,
				725C5FD3301430A300DFEC8B /* HowToGuides.swift */,
			);
			path = Islam;
			sourceTree = "<group>";
		};
		725C5FFD3014310400DFEC8B /* Helpers */ = {
			isa = PBXGroup;
			children = (
				725C5FF53014310400DFEC8B /* ViewExtensions.swift */,
				725C5FF63014310400DFEC8B /* SearchBar.swift */,
				725C5FF73014310400DFEC8B /* SemanticSearch.swift */,
				725C5FF83014310400DFEC8B /* OnDeviceAsk.swift */,
				725C5FF93014310400DFEC8B /* GlassEffect.swift */,
				725C5FFA3014310400DFEC8B /* FocusOverlay.swift */,
				725C5FFB3014310400DFEC8B /* ArabicSpeech.swift */,
				725C5FFC3014310400DFEC8B /* Highlighted.swift */,
			);
			path = Helpers;
			sourceTree = "<group>";
		};
		726032612D4212F900919FF7 /* Resources */ = {
			isa = PBXGroup;
			children = (
				72F479CA2B36ACAD00FCF22C /* Entitlements.entitlements */,
				72CCAE7A2D42D06600871A6A /* Info-Main.plist */,
				7297658B2FE8E83700691EF5 /* Info-Widget.plist */,
				729E23802B367CA800E1E0DA /* Assets.xcassets */,
				723CE3522FAF113700E83F5A /* Fonts */,
				723CE35D2FAF113700E83F5A /* JSONs */,
			);
			path = Resources;
			sourceTree = "<group>";
		};
		7297656A2FE8E7A800691EF5 /* Widget */ = {
			isa = PBXGroup;
			children = (
				729765662FE8E7A800691EF5 /* Widgets.swift */,
				7297657F2FE8E7FD00691EF5 /* Quran */,
			);
			path = Widget;
			sourceTree = "<group>";
		};
		7297657F2FE8E7FD00691EF5 /* Quran */ = {
			isa = PBXGroup;
			children = (
				729765792FE8E7FD00691EF5 /* QuranProvider.swift */,
				7297657A2FE8E7FD00691EF5 /* QuranWidgetSnapshot.swift */,
				7297657B2FE8E7FD00691EF5 /* LastReadAyahWidget.swift */,
				7297657C2FE8E7FD00691EF5 /* LastListenedSurahWidget.swift */,
				7297657D2FE8E7FD00691EF5 /* RandomAyahWidget.swift */,
				7297657E2FE8E7FD00691EF5 /* LastListenedAyahWidget.swift */,
			);
			path = Quran;
			sourceTree = "<group>";
		};
		729E23702B367CA700E1E0DA = {
			isa = PBXGroup;
			children = (
				72E4E58E2D41B26D00E7FADD /* README.md */,
				72C882852FEF384A008FE6C8 /* CREDITS.md */,
				72D04E1C30117324000BB3F4 /* Logo.jpg */,
				726032612D4212F900919FF7 /* Resources */,
				729E237B2B367CA700E1E0DA /* iPhone */,
				72F479F82B36B95D00FCF22C /* Apple Watch */,
				7297656A2FE8E7A800691EF5 /* Widget */,
				729E237A2B367CA700E1E0DA /* Products */,
			);
			sourceTree = "<group>";
		};
		729E237A2B367CA700E1E0DA /* Products */ = {
			isa = PBXGroup;
			children = (
				729E23792B367CA700E1E0DA /* iPhone.app */,
				72F479F72B36B95D00FCF22C /* Beginner Quran.app */,
				729765482FE8E79500691EF5 /* Widget.appex */,
			);
			name = Products;
			sourceTree = "<group>";
		};
		729E237B2B367CA700E1E0DA /* iPhone */ = {
			isa = PBXGroup;
			children = (
				729E237C2B367CA700E1E0DA /* Al-QuranApp.swift */,
				728D764E2F79E9D700502B8A /* AppDelegate.swift */,
				72537C242F04361900829F59 /* AppReview.swift */,
				72F47A1A2B36BF0300FCF22C /* SplashScreen.swift */,
				72F479A82B367DE200FCF22C /* LaunchScreen.swift */,
				725C5F8B3014306900DFEC8B /* Quran */,
				725C5FD4301430A300DFEC8B /* Islam */,
				72F479B32B367DE200FCF22C /* Settings */,
				725C5FFD3014310400DFEC8B /* Helpers */,
			);
			path = iPhone;
			sourceTree = "<group>";
		};
		72F479B32B367DE200FCF22C /* Settings */ = {
			isa = PBXGroup;
			children = (
				72F479B42B367DE200FCF22C /* SettingsView.swift */,
				72827EB62E3D71BB00EBA534 /* SettingsQuranView.swift */,
				720DEC692D24581D006EA342 /* CreditsView.swift */,
				72F479B52B367DE200FCF22C /* Settings.swift */,
				728E2EEF2E6E062500F2C24C /* SettingsQuran.swift */,
				72BC6B332E3190B800ACD832 /* Globals.swift */,
				728D75A82F79C53600502B8A /* ArabicLetters.swift */,
				72574CD02E49F33800BFF138 /* AppIntents.swift */,
				729765412FE8E67300691EF5 /* WatchConnectivity.swift */,
				729764DB2FE8E59B00691EF5 /* PreviewSupport.swift */,
			);
			path = Settings;
			sourceTree = "<group>";
		};
		72F479F82B36B95D00FCF22C /* Apple Watch */ = {
			isa = PBXGroup;
			children = (
				72F479F92B36B95D00FCF22C /* Al-QuranApp.swift */,
			);
			path = "Apple Watch";
			sourceTree = "<group>";
		};
/* End PBXGroup section */

/* Begin PBXNativeTarget section */
		729765472FE8E79500691EF5 /* Widget */ = {
			isa = PBXNativeTarget;
			buildConfigurationList = 729765602FE8E79600691EF5 /* Build configuration list for PBXNativeTarget "Widget" */;
			buildPhases = (
				729765442FE8E79500691EF5 /* Sources */,
				729765452FE8E79500691EF5 /* Frameworks */,
				729765462FE8E79500691EF5 /* Resources */,
			);
			buildRules = (
			);
			dependencies = (
			);
			name = Widget;
			packageProductDependencies = (
			);
			productName = WidgetExtension;
			productReference = 729765482FE8E79500691EF5 /* Widget.appex */;
			productType = "com.apple.product-type.app-extension";
		};
		729E23782B367CA700E1E0DA /* iPhone */ = {
			isa = PBXNativeTarget;
			buildConfigurationList = 729E23872B367CA800E1E0DA /* Build configuration list for PBXNativeTarget "iPhone" */;
			buildPhases = (
				729E23752B367CA700E1E0DA /* Sources */,
				729E23762B367CA700E1E0DA /* Frameworks */,
				729E23772B367CA700E1E0DA /* Resources */,
				72F479E12B36B5D900FCF22C /* Embed Watch Content */,
				72574C6B2E49534800BFF138 /* Embed Foundation Extensions */,
			);
			buildRules = (
			);
			dependencies = (
				72F47A032B36B95E00FCF22C /* PBXTargetDependency */,
				7297655D2FE8E79600691EF5 /* PBXTargetDependency */,
			);
			name = iPhone;
			productName = "Beginner Quran";
			productReference = 729E23792B367CA700E1E0DA /* iPhone.app */;
			productType = "com.apple.product-type.application";
		};
		72F479F62B36B95D00FCF22C /* Watch */ = {
			isa = PBXNativeTarget;
			buildConfigurationList = 72F47A052B36B95E00FCF22C /* Build configuration list for PBXNativeTarget "Watch" */;
			buildPhases = (
				72F479F32B36B95D00FCF22C /* Sources */,
				72F479F42B36B95D00FCF22C /* Frameworks */,
				72F479F52B36B95D00FCF22C /* Resources */,
				72574C852E49536100BFF138 /* Embed Foundation Extensions */,
			);
			buildRules = (
			);
			dependencies = (
			);
			name = Watch;
			productName = "Quran Watch App";
			productReference = 72F479F72B36B95D00FCF22C /* Beginner Quran.app */;
			productType = "com.apple.product-type.application";
		};
/* End PBXNativeTarget section */

/* Begin PBXProject section */
		729E23712B367CA700E1E0DA /* Project object */ = {
			isa = PBXProject;
			attributes = {
				BuildIndependentTargetsInParallel = 1;
				LastSwiftUpdateCheck = 2650;
				LastUpgradeCheck = 2600;
				TargetAttributes = {
					729765472FE8E79500691EF5 = {
						CreatedOnToolsVersion = 26.5;
					};
					729E23782B367CA700E1E0DA = {
						CreatedOnToolsVersion = 15.1;
					};
					72F479F62B36B95D00FCF22C = {
						CreatedOnToolsVersion = 15.1;
					};
				};
			};
			buildConfigurationList = 729E23742B367CA700E1E0DA /* Build configuration list for PBXProject "Al-Quran" */;
			developmentRegion = en;
			hasScannedForEncodings = 0;
			knownRegions = (
				en,
				Base,
			);
			mainGroup = 729E23702B367CA700E1E0DA;
			preferredProjectObjectVersion = 77;
			productRefGroup = 729E237A2B367CA700E1E0DA /* Products */;
			projectDirPath = "";
			projectRoot = "";
			targets = (
				729E23782B367CA700E1E0DA /* iPhone */,
				72F479F62B36B95D00FCF22C /* Watch */,
				729765472FE8E79500691EF5 /* Widget */,
			);
		};
/* End PBXProject section */

/* Begin PBXResourcesBuildPhase section */
		729765462FE8E79500691EF5 /* Resources */ = {
			isa = PBXResourcesBuildPhase;
			buildActionMask = 2147483647;
			files = (
				7297658A2FE8E81200691EF5 /* Assets.xcassets in Resources */,
			);
			runOnlyForDeploymentPostprocessing = 0;
		};
		729E23772B367CA700E1E0DA /* Resources */ = {
			isa = PBXResourcesBuildPhase;
			buildActionMask = 2147483647;
			files = (
				729E23812B367CA800E1E0DA /* Assets.xcassets in Resources */,
				725C5F4F30142D5000DFEC8B /* Uthmani.ttf in Resources */,
				725C5F5030142D5000DFEC8B /* QuranCommon.ttf in Resources */,
				725C5F5130142D5000DFEC8B /* Qiraat.ttf in Resources */,
				725C5F5E30142D6900DFEC8B /* Quran.json in Resources */,
				725C5F5F30142D6900DFEC8B /* QiraahBuzzi.json in Resources */,
				725C5F6030142D6900DFEC8B /* QiraahSusi.json in Resources */,
				725C5F6130142D6900DFEC8B /* QiraahQaloon.json in Resources */,
				725C5F6230142D6900DFEC8B /* QiraahWarsh.json in Resources */,
				725C5F6330142D6900DFEC8B /* NamesOfAllah.json in Resources */,
				725C5F6430142D6900DFEC8B /* QiraahShubah.json in Resources */,
				725C5F6530142D6900DFEC8B /* QiraahDuri.json in Resources */,
				725C5F6630142D6900DFEC8B /* QiraahQunbul.json in Resources */,
				725C5F6730142D6900DFEC8B /* SurahInfos.json in Resources */,
				725C5F5230142D5000DFEC8B /* Indopak.ttf in Resources */,
			);
			runOnlyForDeploymentPostprocessing = 0;
		};
		72F479F52B36B95D00FCF22C /* Resources */ = {
			isa = PBXResourcesBuildPhase;
			buildActionMask = 2147483647;
			files = (
				72F47A1C2B38E49100FCF22C /* Assets.xcassets in Resources */,
				725C5F4B30142D5000DFEC8B /* Uthmani.ttf in Resources */,
				725C5F4C30142D5000DFEC8B /* QuranCommon.ttf in Resources */,
				725C5F4D30142D5000DFEC8B /* Qiraat.ttf in Resources */,
				725C5F6830142D6900DFEC8B /* Quran.json in Resources */,
				725C5F6930142D6900DFEC8B /* QiraahBuzzi.json in Resources */,
				725C5F6A30142D6900DFEC8B /* QiraahSusi.json in Resources */,
				725C5F6B30142D6900DFEC8B /* QiraahQaloon.json in Resources */,
				725C5F6C30142D6900DFEC8B /* QiraahWarsh.json in Resources */,
				725C5F6D30142D6900DFEC8B /* NamesOfAllah.json in Resources */,
				725C5F6E30142D6900DFEC8B /* QiraahShubah.json in Resources */,
				725C5F6F30142D6900DFEC8B /* QiraahDuri.json in Resources */,
				725C5F7030142D6900DFEC8B /* QiraahQunbul.json in Resources */,
				725C5F7130142D6900DFEC8B /* SurahInfos.json in Resources */,
				725C5F4E30142D5000DFEC8B /* Indopak.ttf in Resources */,
			);
			runOnlyForDeploymentPostprocessing = 0;
		};
/* End PBXResourcesBuildPhase section */

/* Begin PBXSourcesBuildPhase section */
		729765442FE8E79500691EF5 /* Sources */ = {
			isa = PBXSourcesBuildPhase;
			buildActionMask = 2147483647;
			files = (
				7297656C2FE8E7A800691EF5 /* Widgets.swift in Sources */,
				729765802FE8E7FD00691EF5 /* LastListenedSurahWidget.swift in Sources */,
				7297658C2FE8E89900691EF5 /* Settings.swift in Sources */,
				729765812FE8E7FD00691EF5 /* RandomAyahWidget.swift in Sources */,
				729765932FE8E95E00691EF5 /* ArabicLetters.swift in Sources */,
				729765922FE8E8DA00691EF5 /* SettingsQuran.swift in Sources */,
				729765912FE8E8C200691EF5 /* Globals.swift in Sources */,
				729765822FE8E7FD00691EF5 /* LastReadAyahWidget.swift in Sources */,
				729765832FE8E7FD00691EF5 /* QuranProvider.swift in Sources */,
				729765842FE8E7FD00691EF5 /* QuranWidgetSnapshot.swift in Sources */,
				729765852FE8E7FD00691EF5 /* LastListenedAyahWidget.swift in Sources */,
				725C5FBE3014307A00DFEC8B /* QuranData.swift in Sources */,
				725C5FBF3014307A00DFEC8B /* QuranStructs.swift in Sources */,
				725C600E3014311800DFEC8B /* Highlighted.swift in Sources */,
				725C5FC03014307A00DFEC8B /* Muqattaat.swift in Sources */,
				725C5FC13014307A00DFEC8B /* TajweedRules.swift in Sources */,
			);
			runOnlyForDeploymentPostprocessing = 0;
		};
		729E23752B367CA700E1E0DA /* Sources */ = {
			isa = PBXSourcesBuildPhase;
			buildActionMask = 2147483647;
			files = (
				72F47A1B2B36BF0300FCF22C /* SplashScreen.swift in Sources */,
				72F479B92B367DE200FCF22C /* LaunchScreen.swift in Sources */,
				729E237D2B367CA700E1E0DA /* Al-QuranApp.swift in Sources */,
				72574CD22E49F33800BFF138 /* AppIntents.swift in Sources */,
				72F479C12B367DE200FCF22C /* SettingsView.swift in Sources */,
				728E2EF02E6E062500F2C24C /* SettingsQuran.swift in Sources */,
				72BC6B342E3190B800ACD832 /* Globals.swift in Sources */,
				72F479C22B367DE200FCF22C /* Settings.swift in Sources */,
				729764E82FE8E59B00691EF5 /* PreviewSupport.swift in Sources */,
				720DEC6A2D24581D006EA342 /* CreditsView.swift in Sources */,
				72827EB72E3D71BB00EBA534 /* SettingsQuranView.swift in Sources */,
				729765882FE8E80A00691EF5 /* QuranWidgetSnapshot.swift in Sources */,
				72537C252F04361900829F59 /* AppReview.swift in Sources */,
				725C5FA53014306900DFEC8B /* QuranData.swift in Sources */,
				725C5FA63014306900DFEC8B /* TajweedRules.swift in Sources */,
				725C5FA73014306900DFEC8B /* Muqattaat.swift in Sources */,
				725C5FA83014306900DFEC8B /* MushafPageFitter.swift in Sources */,
				725C5FA93014306900DFEC8B /* ShareAyah.swift in Sources */,
				725C5FAA3014306900DFEC8B /* QuranHistoryRows.swift in Sources */,
				725C5FAB3014306900DFEC8B /* QuranStructs.swift in Sources */,
				725C5FAC3014306900DFEC8B /* SurahRows.swift in Sources */,
				725C5FAD3014306900DFEC8B /* QuranView.swift in Sources */,
				725C5FAE3014306900DFEC8B /* TajweedLegendView.swift in Sources */,
				725C5FAF3014306900DFEC8B /* QuranGlyphFonts.swift in Sources */,
				725C5FB03014306900DFEC8B /* QuranShortcuts.swift in Sources */,
				725C5FB13014306900DFEC8B /* QuranPlayer.swift in Sources */,
				725C5FB23014306900DFEC8B /* CustomRangeSheet.swift in Sources */,
				725C5FB33014306900DFEC8B /* SurahHeaders.swift in Sources */,
				725C5FB43014306900DFEC8B /* ProfanityFilter.swift in Sources */,
				725C5FB53014306900DFEC8B /* AyahSheets.swift in Sources */,
				725C5FB63014306900DFEC8B /* NowPlayingView.swift in Sources */,
				725C5FB73014306900DFEC8B /* SurahView.swift in Sources */,
				725C5FB83014306900DFEC8B /* ComparisonSheets.swift in Sources */,
				725C5FB93014306900DFEC8B /* QuranPlannerView.swift in Sources */,
				725C5FBA3014306900DFEC8B /* MushafReader.swift in Sources */,
				725C5FBB3014306900DFEC8B /* ContextMenu.swift in Sources */,
				725C5FBC3014306900DFEC8B /* AyahRow.swift in Sources */,
				725C5FBD3014306900DFEC8B /* TafsirSheets.swift in Sources */,
				725C5FD5301430A300DFEC8B /* WallpaperView.swift in Sources */,
				725C5FD6301430A300DFEC8B /* TajweedTopics.swift in Sources */,
				725C5FD7301430A300DFEC8B /* ArabicLetterViews.swift in Sources */,
				725C60063014310400DFEC8B /* Highlighted.swift in Sources */,
				725C60073014310400DFEC8B /* SearchBar.swift in Sources */,
				725C60083014310400DFEC8B /* SemanticSearch.swift in Sources */,
				725C60093014310400DFEC8B /* GlassEffect.swift in Sources */,
				725C600A3014310400DFEC8B /* OnDeviceAsk.swift in Sources */,
				725C600B3014310400DFEC8B /* ArabicSpeech.swift in Sources */,
				725C600C3014310400DFEC8B /* ViewExtensions.swift in Sources */,
				725C600D3014310400DFEC8B /* FocusOverlay.swift in Sources */,
				725C5FD8301430A300DFEC8B /* BeliefsViews.swift in Sources */,
				725C5FD9301430A300DFEC8B /* DateView.swift in Sources */,
				725C5FDA301430A300DFEC8B /* NamesView.swift in Sources */,
				725C5FDB301430A300DFEC8B /* TajweedView.swift in Sources */,
				725C5FDC301430A300DFEC8B /* HowToGuides.swift in Sources */,
				725C5FDD301430A300DFEC8B /* ArabicView.swift in Sources */,
				725C5FDF301430A300DFEC8B /* PillarViews.swift in Sources */,
				725C5FE0301430A300DFEC8B /* AdhkarView.swift in Sources */,
				725C5FE1301430A300DFEC8B /* IslamView.swift in Sources */,
				725C5FE2301430A300DFEC8B /* TasbihView.swift in Sources */,
				725C5FE3301430A300DFEC8B /* PillarsView.swift in Sources */,
				725C5FE4301430A300DFEC8B /* DuaView.swift in Sources */,
				728D76502F79E9D700502B8A /* AppDelegate.swift in Sources */,
				728D75A92F79C53600502B8A /* ArabicLetters.swift in Sources */,
				729765422FE8E67400691EF5 /* WatchConnectivity.swift in Sources */,
			);
			runOnlyForDeploymentPostprocessing = 0;
		};
		72F479F32B36B95D00FCF22C /* Sources */ = {
			isa = PBXSourcesBuildPhase;
			buildActionMask = 2147483647;
			files = (
				72F47A082B36B99600FCF22C /* SettingsView.swift in Sources */,
				72F47A182B36BA1800FCF22C /* LaunchScreen.swift in Sources */,
				728D75AA2F79C53600502B8A /* ArabicLetters.swift in Sources */,
				72BC6B352E3190B800ACD832 /* Globals.swift in Sources */,
				72F47A092B36B99600FCF22C /* Settings.swift in Sources */,
				72F479FA2B36B95D00FCF22C /* Al-QuranApp.swift in Sources */,
				728D75BD2F79CF1B00502B8A /* AppReview.swift in Sources */,
				728D75BF2F79CF5100502B8A /* CreditsView.swift in Sources */,
				729764E32FE8E59B00691EF5 /* PreviewSupport.swift in Sources */,
				728D75E72F79D2FA00502B8A /* SplashScreen.swift in Sources */,
				728D764F2F79E9D700502B8A /* AppDelegate.swift in Sources */,
				729765892FE8E80A00691EF5 /* QuranWidgetSnapshot.swift in Sources */,
				72574CD12E49F33800BFF138 /* AppIntents.swift in Sources */,
				725C5F8C3014306900DFEC8B /* QuranData.swift in Sources */,
				725C5F8D3014306900DFEC8B /* TajweedRules.swift in Sources */,
				725C5F8E3014306900DFEC8B /* Muqattaat.swift in Sources */,
				725C5F8F3014306900DFEC8B /* MushafPageFitter.swift in Sources */,
				725C5F903014306900DFEC8B /* ShareAyah.swift in Sources */,
				725C5F913014306900DFEC8B /* QuranHistoryRows.swift in Sources */,
				725C5F923014306900DFEC8B /* QuranStructs.swift in Sources */,
				725C5F933014306900DFEC8B /* SurahRows.swift in Sources */,
				725C5F943014306900DFEC8B /* QuranView.swift in Sources */,
				725C5F953014306900DFEC8B /* TajweedLegendView.swift in Sources */,
				725C5F963014306900DFEC8B /* QuranGlyphFonts.swift in Sources */,
				725C5F973014306900DFEC8B /* QuranShortcuts.swift in Sources */,
				725C5F983014306900DFEC8B /* QuranPlayer.swift in Sources */,
				725C5F993014306900DFEC8B /* CustomRangeSheet.swift in Sources */,
				725C5F9A3014306900DFEC8B /* SurahHeaders.swift in Sources */,
				725C5F9B3014306900DFEC8B /* ProfanityFilter.swift in Sources */,
				725C5F9C3014306900DFEC8B /* AyahSheets.swift in Sources */,
				725C5F9D3014306900DFEC8B /* NowPlayingView.swift in Sources */,
				725C5F9E3014306900DFEC8B /* SurahView.swift in Sources */,
				725C5F9F3014306900DFEC8B /* ComparisonSheets.swift in Sources */,
				725C5FA03014306900DFEC8B /* QuranPlannerView.swift in Sources */,
				725C5FA13014306900DFEC8B /* MushafReader.swift in Sources */,
				725C5FA23014306900DFEC8B /* ContextMenu.swift in Sources */,
				725C5FA33014306900DFEC8B /* AyahRow.swift in Sources */,
				725C5FA43014306900DFEC8B /* TafsirSheets.swift in Sources */,
				725C5FE5301430A300DFEC8B /* WallpaperView.swift in Sources */,
				725C5FE6301430A300DFEC8B /* TajweedTopics.swift in Sources */,
				725C5FE7301430A300DFEC8B /* ArabicLetterViews.swift in Sources */,
				725C5FFE3014310400DFEC8B /* Highlighted.swift in Sources */,
				725C5FFF3014310400DFEC8B /* SearchBar.swift in Sources */,
				725C60003014310400DFEC8B /* SemanticSearch.swift in Sources */,
				725C60013014310400DFEC8B /* GlassEffect.swift in Sources */,
				725C60023014310400DFEC8B /* OnDeviceAsk.swift in Sources */,
				725C60033014310400DFEC8B /* ArabicSpeech.swift in Sources */,
				725C60043014310400DFEC8B /* ViewExtensions.swift in Sources */,
				725C60053014310400DFEC8B /* FocusOverlay.swift in Sources */,
				725C5FE8301430A300DFEC8B /* BeliefsViews.swift in Sources */,
				725C5FE9301430A300DFEC8B /* DateView.swift in Sources */,
				725C5FEA301430A300DFEC8B /* NamesView.swift in Sources */,
				725C5FEB301430A300DFEC8B /* TajweedView.swift in Sources */,
				725C5FEC301430A300DFEC8B /* HowToGuides.swift in Sources */,
				725C5FED301430A300DFEC8B /* ArabicView.swift in Sources */,
				725C5FEF301430A300DFEC8B /* PillarViews.swift in Sources */,
				725C5FF0301430A300DFEC8B /* AdhkarView.swift in Sources */,
				725C5FF1301430A300DFEC8B /* IslamView.swift in Sources */,
				725C5FF2301430A300DFEC8B /* TasbihView.swift in Sources */,
				725C5FF3301430A300DFEC8B /* PillarsView.swift in Sources */,
				725C5FF4301430A300DFEC8B /* DuaView.swift in Sources */,
				72827EB82E3D71BB00EBA534 /* SettingsQuranView.swift in Sources */,
				728E2EF12E6E062500F2C24C /* SettingsQuran.swift in Sources */,
				729765432FE8E67400691EF5 /* WatchConnectivity.swift in Sources */,
			);
			runOnlyForDeploymentPostprocessing = 0;
		};
/* End PBXSourcesBuildPhase section */

/* Begin PBXTargetDependency section */
		7297655D2FE8E79600691EF5 /* PBXTargetDependency */ = {
			isa = PBXTargetDependency;
			target = 729765472FE8E79500691EF5 /* Widget */;
			targetProxy = 7297655C2FE8E79600691EF5 /* PBXContainerItemProxy */;
		};
		72F47A032B36B95E00FCF22C /* PBXTargetDependency */ = {
			isa = PBXTargetDependency;
			target = 72F479F62B36B95D00FCF22C /* Watch */;
			targetProxy = 72F47A022B36B95E00FCF22C /* PBXContainerItemProxy */;
		};
/* End PBXTargetDependency section */

/* Begin XCBuildConfiguration section */
		729765612FE8E79600691EF5 /* Debug */ = {
			isa = XCBuildConfiguration;
			buildSettings = {
				ASSETCATALOG_COMPILER_GLOBAL_ACCENT_COLOR_NAME = AccentColor;
				CODE_SIGN_STYLE = Automatic;
				CURRENT_PROJECT_VERSION = 1;
				GENERATE_INFOPLIST_FILE = YES;
				INFOPLIST_FILE = "Resources/Info-Widget.plist";
				INFOPLIST_KEY_CFBundleDisplayName = Widget;
				INFOPLIST_KEY_NSHumanReadableCopyright = "";
				IPHONEOS_DEPLOYMENT_TARGET = 26.5;
				LD_RUNPATH_SEARCH_PATHS = (
					"$(inherited)",
					"@executable_path/Frameworks",
					"@executable_path/../../Frameworks",
				);
				MARKETING_VERSION = 2.6.1;
				PRODUCT_BUNDLE_IDENTIFIER = "com.Quran.Elmallah.Beginner-Quran.Widget";
				PRODUCT_NAME = "$(TARGET_NAME)";
				SKIP_INSTALL = YES;
				STRING_CATALOG_GENERATE_SYMBOLS = YES;
				SWIFT_APPROACHABLE_CONCURRENCY = YES;
				SWIFT_EMIT_LOC_STRINGS = YES;
				SWIFT_UPCOMING_FEATURE_MEMBER_IMPORT_VISIBILITY = YES;
				SWIFT_VERSION = 5.0;
				TARGETED_DEVICE_FAMILY = "1,2";
			};
			name = Debug;
		};
		729765622FE8E79600691EF5 /* Release */ = {
			isa = XCBuildConfiguration;
			buildSettings = {
				ASSETCATALOG_COMPILER_GLOBAL_ACCENT_COLOR_NAME = AccentColor;
				CODE_SIGN_STYLE = Automatic;
				CURRENT_PROJECT_VERSION = 1;
				GENERATE_INFOPLIST_FILE = YES;
				INFOPLIST_FILE = "Resources/Info-Widget.plist";
				INFOPLIST_KEY_CFBundleDisplayName = Widget;
				INFOPLIST_KEY_NSHumanReadableCopyright = "";
				IPHONEOS_DEPLOYMENT_TARGET = 26.5;
				LD_RUNPATH_SEARCH_PATHS = (
					"$(inherited)",
					"@executable_path/Frameworks",
					"@executable_path/../../Frameworks",
				);
				MARKETING_VERSION = 2.6.1;
				PRODUCT_BUNDLE_IDENTIFIER = "com.Quran.Elmallah.Beginner-Quran.Widget";
				PRODUCT_NAME = "$(TARGET_NAME)";
				SKIP_INSTALL = YES;
				STRING_CATALOG_GENERATE_SYMBOLS = YES;
				SWIFT_APPROACHABLE_CONCURRENCY = YES;
				SWIFT_EMIT_LOC_STRINGS = YES;
				SWIFT_UPCOMING_FEATURE_MEMBER_IMPORT_VISIBILITY = YES;
				SWIFT_VERSION = 5.0;
				TARGETED_DEVICE_FAMILY = "1,2";
			};
			name = Release;
		};
		729E23852B367CA800E1E0DA /* Debug */ = {
			isa = XCBuildConfiguration;
			buildSettings = {
				ALWAYS_SEARCH_USER_PATHS = NO;
				ASSETCATALOG_COMPILER_GENERATE_SWIFT_ASSET_SYMBOL_EXTENSIONS = YES;
				CLANG_ANALYZER_NONNULL = YES;
				CLANG_ANALYZER_NUMBER_OBJECT_CONVERSION = YES_AGGRESSIVE;
				CLANG_CXX_LANGUAGE_STANDARD = "gnu++20";
				CLANG_ENABLE_MODULES = YES;
				CLANG_ENABLE_OBJC_ARC = YES;
				CLANG_ENABLE_OBJC_WEAK = YES;
				CLANG_WARN_BLOCK_CAPTURE_AUTORELEASING = YES;
				CLANG_WARN_BOOL_CONVERSION = YES;
				CLANG_WARN_COMMA = YES;
				CLANG_WARN_CONSTANT_CONVERSION = YES;
				CLANG_WARN_DEPRECATED_OBJC_IMPLEMENTATIONS = YES;
				CLANG_WARN_DIRECT_OBJC_ISA_USAGE = YES_ERROR;
				CLANG_WARN_DOCUMENTATION_COMMENTS = YES;
				CLANG_WARN_EMPTY_BODY = YES;
				CLANG_WARN_ENUM_CONVERSION = YES;
				CLANG_WARN_INFINITE_RECURSION = YES;
				CLANG_WARN_INT_CONVERSION = YES;
				CLANG_WARN_NON_LITERAL_NULL_CONVERSION = YES;
				CLANG_WARN_OBJC_IMPLICIT_RETAIN_SELF = YES;
				CLANG_WARN_OBJC_LITERAL_CONVERSION = YES;
				CLANG_WARN_OBJC_ROOT_CLASS = YES_ERROR;
				CLANG_WARN_QUOTED_INCLUDE_IN_FRAMEWORK_HEADER = YES;
				CLANG_WARN_RANGE_LOOP_ANALYSIS = YES;
				CLANG_WARN_STRICT_PROTOTYPES = YES;
				CLANG_WARN_SUSPICIOUS_MOVE = YES;
				CLANG_WARN_UNGUARDED_AVAILABILITY = YES_AGGRESSIVE;
				CLANG_WARN_UNREACHABLE_CODE = YES;
				CLANG_WARN__DUPLICATE_METHOD_MATCH = YES;
				CODE_SIGN_ENTITLEMENTS = Resources/Entitlements.entitlements;
				COPY_PHASE_STRIP = NO;
				DEBUG_INFORMATION_FORMAT = dwarf;
				DEVELOPMENT_TEAM = 8HQMC4MQ59;
				ENABLE_STRICT_OBJC_MSGSEND = YES;
				ENABLE_TESTABILITY = YES;
				ENABLE_USER_SCRIPT_SANDBOXING = YES;
				GCC_C_LANGUAGE_STANDARD = gnu17;
				GCC_DYNAMIC_NO_PIC = NO;
				GCC_NO_COMMON_BLOCKS = YES;
				GCC_OPTIMIZATION_LEVEL = 0;
				GCC_PREPROCESSOR_DEFINITIONS = (
					"DEBUG=1",
					"$(inherited)",
				);
				GCC_WARN_64_TO_32_BIT_CONVERSION = YES;
				GCC_WARN_ABOUT_RETURN_TYPE = YES_ERROR;
				GCC_WARN_UNDECLARED_SELECTOR = YES;
				GCC_WARN_UNINITIALIZED_AUTOS = YES_AGGRESSIVE;
				GCC_WARN_UNUSED_FUNCTION = YES;
				GCC_WARN_UNUSED_VARIABLE = YES;
				INFOPLIST_FILE = Resources/Info.plist;
				IPHONEOS_DEPLOYMENT_TARGET = 15.0;
				LOCALIZATION_PREFERS_STRING_CATALOGS = YES;
				MTL_ENABLE_DEBUG_INFO = INCLUDE_SOURCE;
				MTL_FAST_MATH = YES;
				ONLY_ACTIVE_ARCH = YES;
				SDKROOT = iphoneos;
				STRING_CATALOG_GENERATE_SYMBOLS = YES;
				SWIFT_ACTIVE_COMPILATION_CONDITIONS = "DEBUG $(inherited)";
				SWIFT_OPTIMIZATION_LEVEL = "-Onone";
				WATCHOS_DEPLOYMENT_TARGET = 9.0;
			};
			name = Debug;
		};
		729E23862B367CA800E1E0DA /* Release */ = {
			isa = XCBuildConfiguration;
			buildSettings = {
				ALWAYS_SEARCH_USER_PATHS = NO;
				ASSETCATALOG_COMPILER_GENERATE_SWIFT_ASSET_SYMBOL_EXTENSIONS = YES;
				CLANG_ANALYZER_NONNULL = YES;
				CLANG_ANALYZER_NUMBER_OBJECT_CONVERSION = YES_AGGRESSIVE;
				CLANG_CXX_LANGUAGE_STANDARD = "gnu++20";
				CLANG_ENABLE_MODULES = YES;
				CLANG_ENABLE_OBJC_ARC = YES;
				CLANG_ENABLE_OBJC_WEAK = YES;
				CLANG_WARN_BLOCK_CAPTURE_AUTORELEASING = YES;
				CLANG_WARN_BOOL_CONVERSION = YES;
				CLANG_WARN_COMMA = YES;
				CLANG_WARN_CONSTANT_CONVERSION = YES;
				CLANG_WARN_DEPRECATED_OBJC_IMPLEMENTATIONS = YES;
				CLANG_WARN_DIRECT_OBJC_ISA_USAGE = YES_ERROR;
				CLANG_WARN_DOCUMENTATION_COMMENTS = YES;
				CLANG_WARN_EMPTY_BODY = YES;
				CLANG_WARN_ENUM_CONVERSION = YES;
				CLANG_WARN_INFINITE_RECURSION = YES;
				CLANG_WARN_INT_CONVERSION = YES;
				CLANG_WARN_NON_LITERAL_NULL_CONVERSION = YES;
				CLANG_WARN_OBJC_IMPLICIT_RETAIN_SELF = YES;
				CLANG_WARN_OBJC_LITERAL_CONVERSION = YES;
				CLANG_WARN_OBJC_ROOT_CLASS = YES_ERROR;
				CLANG_WARN_QUOTED_INCLUDE_IN_FRAMEWORK_HEADER = YES;
				CLANG_WARN_RANGE_LOOP_ANALYSIS = YES;
				CLANG_WARN_STRICT_PROTOTYPES = YES;
				CLANG_WARN_SUSPICIOUS_MOVE = YES;
				CLANG_WARN_UNGUARDED_AVAILABILITY = YES_AGGRESSIVE;
				CLANG_WARN_UNREACHABLE_CODE = YES;
				CLANG_WARN__DUPLICATE_METHOD_MATCH = YES;
				CODE_SIGN_ENTITLEMENTS = Resources/Entitlements.entitlements;
				COPY_PHASE_STRIP = NO;
				DEBUG_INFORMATION_FORMAT = "dwarf-with-dsym";
				DEVELOPMENT_TEAM = 8HQMC4MQ59;
				ENABLE_NS_ASSERTIONS = NO;
				ENABLE_STRICT_OBJC_MSGSEND = YES;
				ENABLE_USER_SCRIPT_SANDBOXING = YES;
				GCC_C_LANGUAGE_STANDARD = gnu17;
				GCC_NO_COMMON_BLOCKS = YES;
				GCC_WARN_64_TO_32_BIT_CONVERSION = YES;
				GCC_WARN_ABOUT_RETURN_TYPE = YES_ERROR;
				GCC_WARN_UNDECLARED_SELECTOR = YES;
				GCC_WARN_UNINITIALIZED_AUTOS = YES_AGGRESSIVE;
				GCC_WARN_UNUSED_FUNCTION = YES;
				GCC_WARN_UNUSED_VARIABLE = YES;
				INFOPLIST_FILE = Resources/Info.plist;
				IPHONEOS_DEPLOYMENT_TARGET = 15.0;
				LOCALIZATION_PREFERS_STRING_CATALOGS = YES;
				MTL_ENABLE_DEBUG_INFO = NO;
				MTL_FAST_MATH = YES;
				SDKROOT = iphoneos;
				STRING_CATALOG_GENERATE_SYMBOLS = YES;
				SWIFT_COMPILATION_MODE = wholemodule;
				VALIDATE_PRODUCT = YES;
				WATCHOS_DEPLOYMENT_TARGET = 9.0;
			};
			name = Release;
		};
		729E23882B367CA800E1E0DA /* Debug */ = {
			isa = XCBuildConfiguration;
			buildSettings = {
				ASSETCATALOG_COMPILER_APPICON_NAME = "AppIcon Phone";
				ASSETCATALOG_COMPILER_GLOBAL_ACCENT_COLOR_NAME = AccentColor;
				CODE_SIGN_ENTITLEMENTS = Resources/Entitlements.entitlements;
				CODE_SIGN_STYLE = Automatic;
				CURRENT_PROJECT_VERSION = 1;
				ENABLE_PREVIEWS = YES;
				GENERATE_INFOPLIST_FILE = YES;
				INFOPLIST_FILE = "Resources/Info-Main.plist";
				INFOPLIST_KEY_CFBundleDisplayName = "Al-Quran";
				INFOPLIST_KEY_LSApplicationCategoryType = "public.app-category.utilities";
				INFOPLIST_KEY_NSPhotoLibraryAddUsageDescription = "Used to save wallpapers you choose to your Photo Library.";
				INFOPLIST_KEY_UIApplicationSceneManifest_Generation = YES;
				INFOPLIST_KEY_UIApplicationSupportsIndirectInputEvents = YES;
				INFOPLIST_KEY_UILaunchScreen_Generation = YES;
				INFOPLIST_KEY_UISupportedInterfaceOrientations_iPad = "UIInterfaceOrientationPortrait UIInterfaceOrientationPortraitUpsideDown UIInterfaceOrientationLandscapeLeft UIInterfaceOrientationLandscapeRight";
				INFOPLIST_KEY_UISupportedInterfaceOrientations_iPhone = "UIInterfaceOrientationPortrait UIInterfaceOrientationLandscapeLeft UIInterfaceOrientationLandscapeRight";
				IPHONEOS_DEPLOYMENT_TARGET = 15.0;
				LD_RUNPATH_SEARCH_PATHS = (
					"$(inherited)",
					"@executable_path/Frameworks",
				);
				MARKETING_VERSION = 2.6.1;
				PRODUCT_BUNDLE_IDENTIFIER = "com.Quran.Elmallah.Beginner-Quran";
				PRODUCT_NAME = "$(TARGET_NAME)";
				SWIFT_EMIT_LOC_STRINGS = YES;
				SWIFT_VERSION = 5.0;
				TARGETED_DEVICE_FAMILY = "1,2";
			};
			name = Debug;
		};
		729E23892B367CA800E1E0DA /* Release */ = {
			isa = XCBuildConfiguration;
			buildSettings = {
				ASSETCATALOG_COMPILER_APPICON_NAME = "AppIcon Phone";
				ASSETCATALOG_COMPILER_GLOBAL_ACCENT_COLOR_NAME = AccentColor;
				CODE_SIGN_ENTITLEMENTS = Resources/Entitlements.entitlements;
				CODE_SIGN_STYLE = Automatic;
				CURRENT_PROJECT_VERSION = 1;
				ENABLE_PREVIEWS = YES;
				GENERATE_INFOPLIST_FILE = YES;
				INFOPLIST_FILE = "Resources/Info-Main.plist";
				INFOPLIST_KEY_CFBundleDisplayName = "Al-Quran";
				INFOPLIST_KEY_LSApplicationCategoryType = "public.app-category.utilities";
				INFOPLIST_KEY_NSPhotoLibraryAddUsageDescription = "Used to save wallpapers you choose to your Photo Library.";
				INFOPLIST_KEY_UIApplicationSceneManifest_Generation = YES;
				INFOPLIST_KEY_UIApplicationSupportsIndirectInputEvents = YES;
				INFOPLIST_KEY_UILaunchScreen_Generation = YES;
				INFOPLIST_KEY_UISupportedInterfaceOrientations_iPad = "UIInterfaceOrientationPortrait UIInterfaceOrientationPortraitUpsideDown UIInterfaceOrientationLandscapeLeft UIInterfaceOrientationLandscapeRight";
				INFOPLIST_KEY_UISupportedInterfaceOrientations_iPhone = "UIInterfaceOrientationPortrait UIInterfaceOrientationLandscapeLeft UIInterfaceOrientationLandscapeRight";
				IPHONEOS_DEPLOYMENT_TARGET = 15.0;
				LD_RUNPATH_SEARCH_PATHS = (
					"$(inherited)",
					"@executable_path/Frameworks",
				);
				MARKETING_VERSION = 2.6.1;
				PRODUCT_BUNDLE_IDENTIFIER = "com.Quran.Elmallah.Beginner-Quran";
				PRODUCT_NAME = "$(TARGET_NAME)";
				SWIFT_EMIT_LOC_STRINGS = YES;
				SWIFT_VERSION = 5.0;
				TARGETED_DEVICE_FAMILY = "1,2";
			};
			name = Release;
		};
		72F47A062B36B95E00FCF22C /* Debug */ = {
			isa = XCBuildConfiguration;
			buildSettings = {
				ASSETCATALOG_COMPILER_APPICON_NAME = "AppIcon Watch";
				ASSETCATALOG_COMPILER_GLOBAL_ACCENT_COLOR_NAME = AccentColor;
				CODE_SIGN_ENTITLEMENTS = Resources/Entitlements.entitlements;
				CODE_SIGN_STYLE = Automatic;
				CURRENT_PROJECT_VERSION = 1;
				ENABLE_PREVIEWS = YES;
				GENERATE_INFOPLIST_FILE = YES;
				INFOPLIST_FILE = "Resources/Info-Main.plist";
				INFOPLIST_KEY_CFBundleDisplayName = "Al-Quran";
				INFOPLIST_KEY_UISupportedInterfaceOrientations = "UIInterfaceOrientationPortrait UIInterfaceOrientationPortraitUpsideDown";
				INFOPLIST_KEY_WKCompanionAppBundleIdentifier = "com.Quran.Elmallah.Beginner-Quran";
				INFOPLIST_KEY_WKRunsIndependentlyOfCompanionApp = YES;
				LD_RUNPATH_SEARCH_PATHS = (
					"$(inherited)",
					"@executable_path/Frameworks",
				);
				MARKETING_VERSION = 2.6.1;
				PRODUCT_BUNDLE_IDENTIFIER = "com.Quran.Elmallah.Beginner-Quran.watchkitapp";
				PRODUCT_NAME = "Beginner Quran";
				SDKROOT = watchos;
				SKIP_INSTALL = YES;
				SWIFT_EMIT_LOC_STRINGS = YES;
				SWIFT_VERSION = 5.0;
				TARGETED_DEVICE_FAMILY = 4;
				WATCHOS_DEPLOYMENT_TARGET = 9.0;
			};
			name = Debug;
		};
		72F47A072B36B95E00FCF22C /* Release */ = {
			isa = XCBuildConfiguration;
			buildSettings = {
				ASSETCATALOG_COMPILER_APPICON_NAME = "AppIcon Watch";
				ASSETCATALOG_COMPILER_GLOBAL_ACCENT_COLOR_NAME = AccentColor;
				CODE_SIGN_ENTITLEMENTS = Resources/Entitlements.entitlements;
				CODE_SIGN_STYLE = Automatic;
				CURRENT_PROJECT_VERSION = 1;
				ENABLE_PREVIEWS = YES;
				GENERATE_INFOPLIST_FILE = YES;
				INFOPLIST_FILE = "Resources/Info-Main.plist";
				INFOPLIST_KEY_CFBundleDisplayName = "Al-Quran";
				INFOPLIST_KEY_UISupportedInterfaceOrientations = "UIInterfaceOrientationPortrait UIInterfaceOrientationPortraitUpsideDown";
				INFOPLIST_KEY_WKCompanionAppBundleIdentifier = "com.Quran.Elmallah.Beginner-Quran";
				INFOPLIST_KEY_WKRunsIndependentlyOfCompanionApp = YES;
				LD_RUNPATH_SEARCH_PATHS = (
					"$(inherited)",
					"@executable_path/Frameworks",
				);
				MARKETING_VERSION = 2.6.1;
				PRODUCT_BUNDLE_IDENTIFIER = "com.Quran.Elmallah.Beginner-Quran.watchkitapp";
				PRODUCT_NAME = "Beginner Quran";
				SDKROOT = watchos;
				SKIP_INSTALL = YES;
				SWIFT_EMIT_LOC_STRINGS = YES;
				SWIFT_VERSION = 5.0;
				TARGETED_DEVICE_FAMILY = 4;
				WATCHOS_DEPLOYMENT_TARGET = 9.0;
			};
			name = Release;
		};
/* End XCBuildConfiguration section */

/* Begin XCConfigurationList section */
		729765602FE8E79600691EF5 /* Build configuration list for PBXNativeTarget "Widget" */ = {
			isa = XCConfigurationList;
			buildConfigurations = (
				729765612FE8E79600691EF5 /* Debug */,
				729765622FE8E79600691EF5 /* Release */,
			);
			defaultConfigurationIsVisible = 0;
			defaultConfigurationName = Release;
		};
		729E23742B367CA700E1E0DA /* Build configuration list for PBXProject "Al-Quran" */ = {
			isa = XCConfigurationList;
			buildConfigurations = (
				729E23852B367CA800E1E0DA /* Debug */,
				729E23862B367CA800E1E0DA /* Release */,
			);
			defaultConfigurationIsVisible = 0;
			defaultConfigurationName = Release;
		};
		729E23872B367CA800E1E0DA /* Build configuration list for PBXNativeTarget "iPhone" */ = {
			isa = XCConfigurationList;
			buildConfigurations = (
				729E23882B367CA800E1E0DA /* Debug */,
				729E23892B367CA800E1E0DA /* Release */,
			);
			defaultConfigurationIsVisible = 0;
			defaultConfigurationName = Release;
		};
		72F47A052B36B95E00FCF22C /* Build configuration list for PBXNativeTarget "Watch" */ = {
			isa = XCConfigurationList;
			buildConfigurations = (
				72F47A062B36B95E00FCF22C /* Debug */,
				72F47A072B36B95E00FCF22C /* Release */,
			);
			defaultConfigurationIsVisible = 0;
			defaultConfigurationName = Release;
		};
/* End XCConfigurationList section */
	};
	rootObject = 729E23712B367CA700E1E0DA /* Project object */;
}
